// !$*UTF8*$!
{
	archiveVersion = 1;
	classes = {
	};
	objectVersion = 46;
	objects = {

/* Begin PBXBuildFile section */
		8F056AF71BAF533C00CD617B /* LightModePreview.png in Resources */ = {isa = PBXBuildFile; fileRef = 8F056AF51BAF533C00CD617B /* LightModePreview.png */; settings = {ASSET_TAGS = (); }; };
		8F056AF81BAF533C00CD617B /* DarkModePreview.png in Resources */ = {isa = PBXBuildFile; fileRef = 8F056AF61BAF533C00CD617B /* DarkModePreview.png */; settings = {ASSET_TAGS = (); }; };
		8F14D1861B9C823500A58CCF /* 3.jpg in Resources */ = {isa = PBXBuildFile; fileRef = 8F14D1821B9C823500A58CCF /* 3.jpg */; };
		8F14D1871B9C823500A58CCF /* 2.JPG in Resources */ = {isa = PBXBuildFile; fileRef = 8F14D1831B9C823500A58CCF /* 2.JPG */; };
		8F14D1881B9C823500A58CCF /* 1.jpg in Resources */ = {isa = PBXBuildFile; fileRef = 8F14D1841B9C823500A58CCF /* 1.jpg */; };
		8F14D1891B9C823500A58CCF /* 4.jpg in Resources */ = {isa = PBXBuildFile; fileRef = 8F14D1851B9C823500A58CCF /* 4.jpg */; };
		8F14D1961B9C918700A58CCF /* 15.jpg in Resources */ = {isa = PBXBuildFile; fileRef = 8F14D18B1B9C918700A58CCF /* 15.jpg */; };
		8F14D1971B9C918700A58CCF /* 14.jpg in Resources */ = {isa = PBXBuildFile; fileRef = 8F14D18C1B9C918700A58CCF /* 14.jpg */; };
		8F14D1981B9C918700A58CCF /* 13.jpg in Resources */ = {isa = PBXBuildFile; fileRef = 8F14D18D1B9C918700A58CCF /* 13.jpg */; };
		8F14D1991B9C918700A58CCF /* 12.jpg in Resources */ = {isa = PBXBuildFile; fileRef = 8F14D18E1B9C918700A58CCF /* 12.jpg */; };
		8F14D19A1B9C918700A58CCF /* 11.jpg in Resources */ = {isa = PBXBuildFile; fileRef = 8F14D18F1B9C918700A58CCF /* 11.jpg */; };
		8F14D19B1B9C918700A58CCF /* 10.jpg in Resources */ = {isa = PBXBuildFile; fileRef = 8F14D1901B9C918700A58CCF /* 10.jpg */; };
		8F14D19C1B9C918700A58CCF /* 9.png in Resources */ = {isa = PBXBuildFile; fileRef = 8F14D1911B9C918700A58CCF /* 9.png */; };
		8F14D19D1B9C918700A58CCF /* 8.jpg in Resources */ = {isa = PBXBuildFile; fileRef = 8F14D1921B9C918700A58CCF /* 8.jpg */; };
		8F14D19E1B9C918700A58CCF /* 7.jpg in Resources */ = {isa = PBXBuildFile; fileRef = 8F14D1931B9C918700A58CCF /* 7.jpg */; };
		8F14D19F1B9C918700A58CCF /* 6.jpg in Resources */ = {isa = PBXBuildFile; fileRef = 8F14D1941B9C918700A58CCF /* 6.jpg */; };
		8F14D1A01B9C918700A58CCF /* 5.jpg in Resources */ = {isa = PBXBuildFile; fileRef = 8F14D1951B9C918700A58CCF /* 5.jpg */; };
		8F1AFCF91BAE05A7009D7299 /* FirstLaunchScreen.swift in Sources */ = {isa = PBXBuildFile; fileRef = 8F1AFCF81BAE05A7009D7299 /* FirstLaunchScreen.swift */; settings = {ASSET_TAGS = (); }; };
		8F1BB5591BA22BAF0043E2B7 /* profileTabBarIcon@3x.png in Resources */ = {isa = PBXBuildFile; fileRef = 8F1BB5581BA22BAF0043E2B7 /* profileTabBarIcon@3x.png */; };
		8F1E8EC21BD78EE900C41D37 /* mountain.jpg in Resources */ = {isa = PBXBuildFile; fileRef = 8F1E8EC11BD78EE900C41D37 /* mountain.jpg */; settings = {ASSET_TAGS = (); }; };
		8F1E8EC41BD78F9600C41D37 /* nasaearth.jpg in Resources */ = {isa = PBXBuildFile; fileRef = 8F1E8EC31BD78F9600C41D37 /* nasaearth.jpg */; settings = {ASSET_TAGS = (); }; };
		8F1E8ECE1BD7F66C00C41D37 /* profilePicPlaceholder.jpg in Resources */ = {isa = PBXBuildFile; fileRef = 8F1E8ECD1BD7F66C00C41D37 /* profilePicPlaceholder.jpg */; settings = {ASSET_TAGS = (); }; };
		8F1E8ED01BD7F74500C41D37 /* profilePicPlaceholderDark.jpg in Resources */ = {isa = PBXBuildFile; fileRef = 8F1E8ECF1BD7F74500C41D37 /* profilePicPlaceholderDark.jpg */; settings = {ASSET_TAGS = (); }; };
		8F1E8ED21BD833F100C41D37 /* PanBerLogoDark_4000.png in Resources */ = {isa = PBXBuildFile; fileRef = 8F1E8ED11BD833F100C41D37 /* PanBerLogoDark_4000.png */; settings = {ASSET_TAGS = (); }; };
		8F1E8ED41BD8362A00C41D37 /* PanBerLogoDark2.png in Resources */ = {isa = PBXBuildFile; fileRef = 8F1E8ED31BD8362A00C41D37 /* PanBerLogoDark2.png */; settings = {ASSET_TAGS = (); }; };
		8F2DD6DE1B9AFFF80059CEFA /* board black and white no border.png in Resources */ = {isa = PBXBuildFile; fileRef = 8F2DD6D21B9AFFF80059CEFA /* board black and white no border.png */; };
		8F2DD6DF1B9AFFF80059CEFA /* ChessIconTab@3x.png in Resources */ = {isa = PBXBuildFile; fileRef = 8F2DD6D31B9AFFF80059CEFA /* ChessIconTab@3x.png */; };
		8F2DD6E01B9AFFF80059CEFA /* clack and white board with half boarder copy.png in Resources */ = {isa = PBXBuildFile; fileRef = 8F2DD6D41B9AFFF80059CEFA /* clack and white board with half boarder copy.png */; };
		8F2DD6E11B9AFFF80059CEFA /* Data@3x.png in Resources */ = {isa = PBXBuildFile; fileRef = 8F2DD6D51B9AFFF80059CEFA /* Data@3x.png */; };
		8F2DD6E21B9AFFF80059CEFA /* Friends@3x.png in Resources */ = {isa = PBXBuildFile; fileRef = 8F2DD6D61B9AFFF80059CEFA /* Friends@3x.png */; };
		8F2DD6E31B9AFFF80059CEFA /* graySquare.png in Resources */ = {isa = PBXBuildFile; fileRef = 8F2DD6D71B9AFFF80059CEFA /* graySquare.png */; };
		8F2DD6E41B9AFFF80059CEFA /* moveOption.png in Resources */ = {isa = PBXBuildFile; fileRef = 8F2DD6D81B9AFFF80059CEFA /* moveOption.png */; };
		8F2DD6E51B9AFFF80059CEFA /* pieceMarked.png in Resources */ = {isa = PBXBuildFile; fileRef = 8F2DD6D91B9AFFF80059CEFA /* pieceMarked.png */; };
		8F2DD6E61B9AFFF80059CEFA /* piecePossibilities.png in Resources */ = {isa = PBXBuildFile; fileRef = 8F2DD6DA1B9AFFF80059CEFA /* piecePossibilities.png */; };
		8F2DD6E71B9AFFF80059CEFA /* pieces vlack and white board blurred.png in Resources */ = {isa = PBXBuildFile; fileRef = 8F2DD6DB1B9AFFF80059CEFA /* pieces vlack and white board blurred.png */; };
		8F2DD6E81B9AFFF80059CEFA /* settingsTabBarIcon@3x.png in Resources */ = {isa = PBXBuildFile; fileRef = 8F2DD6DC1B9AFFF80059CEFA /* settingsTabBarIcon@3x.png */; };
		8F2DD6E91B9AFFF80059CEFA /* whiteSquare.png in Resources */ = {isa = PBXBuildFile; fileRef = 8F2DD6DD1B9AFFF80059CEFA /* whiteSquare.png */; };
		8F31DCE11BC70E30004544CC /* checkmark13.png in Resources */ = {isa = PBXBuildFile; fileRef = 8F31DCE01BC70E30004544CC /* checkmark13.png */; settings = {ASSET_TAGS = (); }; };
		8F31DCE51BC716F9004544CC /* add.png in Resources */ = {isa = PBXBuildFile; fileRef = 8F31DCE41BC716F9004544CC /* add.png */; settings = {ASSET_TAGS = (); }; };
		8F31DCE71BC7189B004544CC /* add1.png in Resources */ = {isa = PBXBuildFile; fileRef = 8F31DCE61BC7189B004544CC /* add1.png */; settings = {ASSET_TAGS = (); }; };
		8F31DCED1BC7C8B5004544CC /* pending.png in Resources */ = {isa = PBXBuildFile; fileRef = 8F31DCEC1BC7C8B5004544CC /* pending.png */; settings = {ASSET_TAGS = (); }; };
		8F31DCF31BC9513B004544CC /* equalization2.png in Resources */ = {isa = PBXBuildFile; fileRef = 8F31DCF21BC9513B004544CC /* equalization2.png */; settings = {ASSET_TAGS = (); }; };
		8F38EF6A1BB8399D00668B3B /* JBpp.jpg in Resources */ = {isa = PBXBuildFile; fileRef = 8F38EF691BB8399D00668B3B /* JBpp.jpg */; settings = {ASSET_TAGS = (); }; };
		8F3AC3821B9AFADC00815CDC /* libz.dylib in Frameworks */ = {isa = PBXBuildFile; fileRef = 8F3AC3811B9AFADC00815CDC /* libz.dylib */; };
		8F3AC3841B9AFAE700815CDC /* libsqlite3.dylib in Frameworks */ = {isa = PBXBuildFile; fileRef = 8F3AC3831B9AFAE700815CDC /* libsqlite3.dylib */; };
		8F4A02691B9A3E890084024A /* PANBERlogo.png in Resources */ = {isa = PBXBuildFile; fileRef = 8F4A02681B9A3E890084024A /* PANBERlogo.png */; };
		8F4A02751B9A3EE80084024A /* whiteBishop.png in Resources */ = {isa = PBXBuildFile; fileRef = 8F4A026A1B9A3EE70084024A /* whiteBishop.png */; };
		8F4A02761B9A3EE80084024A /* whiteKing.png in Resources */ = {isa = PBXBuildFile; fileRef = 8F4A026B1B9A3EE70084024A /* whiteKing.png */; };
		8F4A02771B9A3EE80084024A /* whiteKnight.png in Resources */ = {isa = PBXBuildFile; fileRef = 8F4A026C1B9A3EE70084024A /* whiteKnight.png */; };
		8F4A02781B9A3EE80084024A /* whitePawn.png in Resources */ = {isa = PBXBuildFile; fileRef = 8F4A026D1B9A3EE70084024A /* whitePawn.png */; };
		8F4A02791B9A3EE80084024A /* whiteQueen.png in Resources */ = {isa = PBXBuildFile; fileRef = 8F4A026E1B9A3EE80084024A /* whiteQueen.png */; };
		8F4A027A1B9A3EE80084024A /* whiteRook.png in Resources */ = {isa = PBXBuildFile; fileRef = 8F4A026F1B9A3EE80084024A /* whiteRook.png */; };
		8F4A027B1B9A3EE80084024A /* blackKing.png in Resources */ = {isa = PBXBuildFile; fileRef = 8F4A02701B9A3EE80084024A /* blackKing.png */; };
		8F4A027C1B9A3EE80084024A /* blackKnight.png in Resources */ = {isa = PBXBuildFile; fileRef = 8F4A02711B9A3EE80084024A /* blackKnight.png */; };
		8F4A027D1B9A3EE80084024A /* blackPawn.png in Resources */ = {isa = PBXBuildFile; fileRef = 8F4A02721B9A3EE80084024A /* blackPawn.png */; };
		8F4A027E1B9A3EE80084024A /* blackQueen.png in Resources */ = {isa = PBXBuildFile; fileRef = 8F4A02731B9A3EE80084024A /* blackQueen.png */; };
		8F4A027F1B9A3EE80084024A /* blackBishop.png in Resources */ = {isa = PBXBuildFile; fileRef = 8F4A02741B9A3EE80084024A /* blackBishop.png */; };
		8F4A02811B9A3F0B0084024A /* blackRook.png in Resources */ = {isa = PBXBuildFile; fileRef = 8F4A02801B9A3F0B0084024A /* blackRook.png */; };
		8F4A02851B9A3F240084024A /* chessIcon.png in Resources */ = {isa = PBXBuildFile; fileRef = 8F4A02821B9A3F240084024A /* chessIcon.png */; };
		8F4A02861B9A3F240084024A /* chessIcon1024.png in Resources */ = {isa = PBXBuildFile; fileRef = 8F4A02831B9A3F240084024A /* chessIcon1024.png */; };
		8F4A02871B9A3F240084024A /* chessIcon180.png in Resources */ = {isa = PBXBuildFile; fileRef = 8F4A02841B9A3F240084024A /* chessIcon180.png */; };
		8F4A028A1B9A40FF0084024A /* GameInterface.swift in Sources */ = {isa = PBXBuildFile; fileRef = 8F4A02891B9A40FF0084024A /* GameInterface.swift */; };
		8F4A028C1B9A414D0084024A /* GameMenu.swift in Sources */ = {isa = PBXBuildFile; fileRef = 8F4A028B1B9A414D0084024A /* GameMenu.swift */; };
		8F4A028F1B9A42180084024A /* Bolts.framework in Frameworks */ = {isa = PBXBuildFile; fileRef = 8F4A028D1B9A42180084024A /* Bolts.framework */; };
		8F4A02901B9A42180084024A /* Parse.framework in Frameworks */ = {isa = PBXBuildFile; fileRef = 8F4A028E1B9A42180084024A /* Parse.framework */; };
		8F4A02931B9A424F0084024A /* AudioToolbox.framework in Frameworks */ = {isa = PBXBuildFile; fileRef = 8F4A02921B9A424F0084024A /* AudioToolbox.framework */; };
		8F4A02951B9A42610084024A /* CFNetwork.framework in Frameworks */ = {isa = PBXBuildFile; fileRef = 8F4A02941B9A42610084024A /* CFNetwork.framework */; };
		8F4A02971B9A42690084024A /* CoreGraphics.framework in Frameworks */ = {isa = PBXBuildFile; fileRef = 8F4A02961B9A42690084024A /* CoreGraphics.framework */; };
		8F4A02991B9A42720084024A /* CoreLocation.framework in Frameworks */ = {isa = PBXBuildFile; fileRef = 8F4A02981B9A42720084024A /* CoreLocation.framework */; };
		8F4A029B1B9A427B0084024A /* MobileCoreServices.framework in Frameworks */ = {isa = PBXBuildFile; fileRef = 8F4A029A1B9A427B0084024A /* MobileCoreServices.framework */; };
		8F4A029D1B9A42820084024A /* QuartzCore.framework in Frameworks */ = {isa = PBXBuildFile; fileRef = 8F4A029C1B9A42820084024A /* QuartzCore.framework */; };
		8F4A029F1B9A42890084024A /* Security.framework in Frameworks */ = {isa = PBXBuildFile; fileRef = 8F4A029E1B9A42890084024A /* Security.framework */; };
		8F4A02A11B9A428E0084024A /* StoreKit.framework in Frameworks */ = {isa = PBXBuildFile; fileRef = 8F4A02A01B9A428E0084024A /* StoreKit.framework */; };
		8F4A02A31B9A429B0084024A /* SystemConfiguration.framework in Frameworks */ = {isa = PBXBuildFile; fileRef = 8F4A02A21B9A429B0084024A /* SystemConfiguration.framework */; };
		8F4A02A51B9A42D40084024A /* Accounts.framework in Frameworks */ = {isa = PBXBuildFile; fileRef = 8F4A02A41B9A42D40084024A /* Accounts.framework */; };
		8F4A02A71B9A42DC0084024A /* Social.framework in Frameworks */ = {isa = PBXBuildFile; fileRef = 8F4A02A61B9A42DC0084024A /* Social.framework */; };
		8F4CF77D1BDBABB10037865C /* NewGamePage.swift in Sources */ = {isa = PBXBuildFile; fileRef = 8F4CF77C1BDBABB10037865C /* NewGamePage.swift */; settings = {ASSET_TAGS = (); }; };
		8F4CF77F1BDBAF1E0037865C /* NewGameFriends.swift in Sources */ = {isa = PBXBuildFile; fileRef = 8F4CF77E1BDBAF1E0037865C /* NewGameFriends.swift */; settings = {ASSET_TAGS = (); }; };
		8F4CF7811BDBB6AD0037865C /* NewGameSettingsPage.swift in Sources */ = {isa = PBXBuildFile; fileRef = 8F4CF7801BDBB6AD0037865C /* NewGameSettingsPage.swift */; settings = {ASSET_TAGS = (); }; };
		8F5250C01BD01A67005D4682 /* LeaderBoard.swift in Sources */ = {isa = PBXBuildFile; fileRef = 8F5250BF1BD01A66005D4682 /* LeaderBoard.swift */; settings = {ASSET_TAGS = (); }; };
		8F768D9B1BD6AC4F007A7BFC /* SignUpMenu.swift in Sources */ = {isa = PBXBuildFile; fileRef = 8F768D9A1BD6AC4F007A7BFC /* SignUpMenu.swift */; settings = {ASSET_TAGS = (); }; };
		8F840BCC1BBDAE6600511F44 /* FriendRequests.swift in Sources */ = {isa = PBXBuildFile; fileRef = 8F840BCB1BBDAE6600511F44 /* FriendRequests.swift */; settings = {ASSET_TAGS = (); }; };
		8F8639291B9B01BF0055608B /* AnalyzeMenu.swift in Sources */ = {isa = PBXBuildFile; fileRef = 8F8639281B9B01BF0055608B /* AnalyzeMenu.swift */; };
		8F86392B1B9B01D00055608B /* ProfileMenu.swift in Sources */ = {isa = PBXBuildFile; fileRef = 8F86392A1B9B01D00055608B /* ProfileMenu.swift */; };
		8F86392D1B9B02780055608B /* ChatView.swift in Sources */ = {isa = PBXBuildFile; fileRef = 8F86392C1B9B02780055608B /* ChatView.swift */; };
		8F86392F1B9B044F0055608B /* FriendsMenu.swift in Sources */ = {isa = PBXBuildFile; fileRef = 8F86392E1B9B044F0055608B /* FriendsMenu.swift */; };
		8F8639331B9B09F90055608B /* BlackBC.jpg in Resources */ = {isa = PBXBuildFile; fileRef = 8F8639321B9B09F90055608B /* BlackBC.jpg */; };
		8F87E8BC1BD6DBE600506F2F /* arrow483.png in Resources */ = {isa = PBXBuildFile; fileRef = 8F87E8BB1BD6DBE600506F2F /* arrow483.png */; settings = {ASSET_TAGS = (); }; };
		8F8BD2A51BC28E1100B25CFE /* OtherUserProfilePage.swift in Sources */ = {isa = PBXBuildFile; fileRef = 8F8BD2A41BC28E1100B25CFE /* OtherUserProfilePage.swift */; settings = {ASSET_TAGS = (); }; };
		8F8BD2A81BC41ED700B25CFE /* arrow_white.png in Resources */ = {isa = PBXBuildFile; fileRef = 8F8BD2A61BC41ED700B25CFE /* arrow_white.png */; settings = {ASSET_TAGS = (); }; };
		8F8BD2A91BC41ED700B25CFE /* arrow_black.png in Resources */ = {isa = PBXBuildFile; fileRef = 8F8BD2A71BC41ED700B25CFE /* arrow_black.png */; settings = {ASSET_TAGS = (); }; };
		8F8BD2AB1BC524C600B25CFE /* ProfilePage.swift in Sources */ = {isa = PBXBuildFile; fileRef = 8F8BD2AA1BC524C600B25CFE /* ProfilePage.swift */; settings = {ASSET_TAGS = (); }; };
		8F8BD2AD1BC5380100B25CFE /* FriendRequestsPage.swift in Sources */ = {isa = PBXBuildFile; fileRef = 8F8BD2AC1BC5380100B25CFE /* FriendRequestsPage.swift */; settings = {ASSET_TAGS = (); }; };
		8F8BD2B51BC6C1C500B25CFE /* checkmark12.png in Resources */ = {isa = PBXBuildFile; fileRef = 8F8BD2B11BC6C1C500B25CFE /* checkmark12.png */; settings = {ASSET_TAGS = (); }; };
		8F8BD2B61BC6C1C500B25CFE /* close38.png in Resources */ = {isa = PBXBuildFile; fileRef = 8F8BD2B21BC6C1C500B25CFE /* close38.png */; settings = {ASSET_TAGS = (); }; };
		8F8BD2B71BC6C1C500B25CFE /* checkmark11.png in Resources */ = {isa = PBXBuildFile; fileRef = 8F8BD2B31BC6C1C500B25CFE /* checkmark11.png */; settings = {ASSET_TAGS = (); }; };
		8F8BD2BB1BC6D83F00B25CFE /* close.png in Resources */ = {isa = PBXBuildFile; fileRef = 8F8BD2BA1BC6D83F00B25CFE /* close.png */; settings = {ASSET_TAGS = (); }; };
		8F8BD2BD1BC6E22B00B25CFE /* close1.png in Resources */ = {isa = PBXBuildFile; fileRef = 8F8BD2BC1BC6E22B00B25CFE /* close1.png */; settings = {ASSET_TAGS = (); }; };
		8F910C301BD6C58F0003647E /* 20.jpg in Resources */ = {isa = PBXBuildFile; fileRef = 8F910C2F1BD6C58F0003647E /* 20.jpg */; settings = {ASSET_TAGS = (); }; };
		8F970FBD1BB88EFD00ED758C /* ChessIconSmallTextAndLogo.png in Resources */ = {isa = PBXBuildFile; fileRef = 8F970FBC1BB88EFD00ED758C /* ChessIconSmallTextAndLogo.png */; settings = {ASSET_TAGS = (); }; };
		8F970FBF1BB8950000ED758C /* ChessIconSmallTextAndLogoDarkMode.png in Resources */ = {isa = PBXBuildFile; fileRef = 8F970FBE1BB8950000ED758C /* ChessIconSmallTextAndLogoDarkMode.png */; settings = {ASSET_TAGS = (); }; };
		8F9A9A2B1BDAE08600EA5953 /* OtherUserProfilePageFromFriendRequest.swift in Sources */ = {isa = PBXBuildFile; fileRef = 8F9A9A2A1BDAE08600EA5953 /* OtherUserProfilePageFromFriendRequest.swift */; settings = {ASSET_TAGS = (); }; };
		8F9A9A2D1BDAE0EE00EA5953 /* OtherUserProfilePageFromFriends.swift in Sources */ = {isa = PBXBuildFile; fileRef = 8F9A9A2C1BDAE0EE00EA5953 /* OtherUserProfilePageFromFriends.swift */; settings = {ASSET_TAGS = (); }; };
		8F9A9A2F1BDAE11800EA5953 /* OtherUserProfilePageFromUsersFriends.swift in Sources */ = {isa = PBXBuildFile; fileRef = 8F9A9A2E1BDAE11800EA5953 /* OtherUserProfilePageFromUsersFriends.swift */; settings = {ASSET_TAGS = (); }; };
		8FA018D31B9B0D76002B410E /* chessIconRounded.png in Resources */ = {isa = PBXBuildFile; fileRef = 8FA018D21B9B0D76002B410E /* chessIconRounded.png */; };
		8FA018D51B9B0E33002B410E /* Bauru.ttf in Resources */ = {isa = PBXBuildFile; fileRef = 8FA018D41B9B0E33002B410E /* Bauru.ttf */; };
		8FA018D91B9B1FAE002B410E /* ChessIconAndTExt.png in Resources */ = {isa = PBXBuildFile; fileRef = 8FA018D81B9B1FAE002B410E /* ChessIconAndTExt.png */; };
		8FA018DB1B9B2D8C002B410E /* DSCF0388.jpg in Resources */ = {isa = PBXBuildFile; fileRef = 8FA018DA1B9B2D8C002B410E /* DSCF0388.jpg */; };
		8FA5C8911B9A264F0097637E /* AppDelegate.swift in Sources */ = {isa = PBXBuildFile; fileRef = 8FA5C8901B9A264F0097637E /* AppDelegate.swift */; };
		8FA5C8931B9A264F0097637E /* LoginMenu.swift in Sources */ = {isa = PBXBuildFile; fileRef = 8FA5C8921B9A264F0097637E /* LoginMenu.swift */; };
		8FA5C8961B9A264F0097637E /* Main.storyboard in Resources */ = {isa = PBXBuildFile; fileRef = 8FA5C8941B9A264F0097637E /* Main.storyboard */; };
		8FA5C8981B9A264F0097637E /* Assets.xcassets in Resources */ = {isa = PBXBuildFile; fileRef = 8FA5C8971B9A264F0097637E /* Assets.xcassets */; };
		8FA5C89B1B9A264F0097637E /* LaunchScreen.storyboard in Resources */ = {isa = PBXBuildFile; fileRef = 8FA5C8991B9A264F0097637E /* LaunchScreen.storyboard */; };
		8FA5C8A61B9A264F0097637E /* Chess_Tests.swift in Sources */ = {isa = PBXBuildFile; fileRef = 8FA5C8A51B9A264F0097637E /* Chess_Tests.swift */; };
		8FA5C8B11B9A264F0097637E /* Chess_UITests.swift in Sources */ = {isa = PBXBuildFile; fileRef = 8FA5C8B01B9A264F0097637E /* Chess_UITests.swift */; };
		8FBD3A371BB498A200212314 /* GameInterFace2.swift in Sources */ = {isa = PBXBuildFile; fileRef = 8FBD3A361BB498A200212314 /* GameInterFace2.swift */; settings = {ASSET_TAGS = (); }; };
		8FBED2FC1BB1F35700CDAACC /* UserTableViewCell.swift in Sources */ = {isa = PBXBuildFile; fileRef = 8FBED2FB1BB1F35700CDAACC /* UserTableViewCell.swift */; settings = {ASSET_TAGS = (); }; };
		F1132E281BD02151000FEB3D /* FBSDKCoreKit.framework in Frameworks */ = {isa = PBXBuildFile; fileRef = F1132E251BD02151000FEB3D /* FBSDKCoreKit.framework */; settings = {ASSET_TAGS = (); }; };
		F1132E291BD02151000FEB3D /* FBSDKLoginKit.framework in Frameworks */ = {isa = PBXBuildFile; fileRef = F1132E261BD02151000FEB3D /* FBSDKLoginKit.framework */; settings = {ASSET_TAGS = (); }; };
		F1132E2A1BD02151000FEB3D /* FBSDKShareKit.framework in Frameworks */ = {isa = PBXBuildFile; fileRef = F1132E271BD02151000FEB3D /* FBSDKShareKit.framework */; settings = {ASSET_TAGS = (); }; };
		F1132E2C1BD02168000FEB3D /* ParseFacebookUtilsV4.framework in Frameworks */ = {isa = PBXBuildFile; fileRef = F1132E2B1BD02168000FEB3D /* ParseFacebookUtilsV4.framework */; settings = {ASSET_TAGS = (); }; };
		F134DDDE1BC1C417005BA54C /* UsersProfilePage.swift in Sources */ = {isa = PBXBuildFile; fileRef = F134DDDD1BC1C417005BA54C /* UsersProfilePage.swift */; settings = {ASSET_TAGS = (); }; };
		F1431A5E1BD281B600C5854A /* UsersFriendsPage.swift in Sources */ = {isa = PBXBuildFile; fileRef = F1431A5D1BD281B600C5854A /* UsersFriendsPage.swift */; settings = {ASSET_TAGS = (); }; };
		F1431A611BD298F400C5854A /* panBeriPhone.jpg in Resources */ = {isa = PBXBuildFile; fileRef = F1431A601BD298F400C5854A /* panBeriPhone.jpg */; settings = {ASSET_TAGS = (); }; };
		F14E644E1BC98B7900751F20 /* FriendsPage.swift in Sources */ = {isa = PBXBuildFile; fileRef = F14E644D1BC98B7900751F20 /* FriendsPage.swift */; settings = {ASSET_TAGS = (); }; };
		F1B414601BC72E5D00FEE6A4 /* SettingsPage.swift in Sources */ = {isa = PBXBuildFile; fileRef = F1B4145F1BC72E5D00FEE6A4 /* SettingsPage.swift */; settings = {ASSET_TAGS = (); }; };
		F1BFB27C1BDBD79100660020 /* Board.swift in Sources */ = {isa = PBXBuildFile; fileRef = F1BFB27A1BDBD79100660020 /* Board.swift */; settings = {ASSET_TAGS = (); }; };
		F1BFB27D1BDBD79100660020 /* Pieces.swift in Sources */ = {isa = PBXBuildFile; fileRef = F1BFB27B1BDBD79100660020 /* Pieces.swift */; settings = {ASSET_TAGS = (); }; };
/* End PBXBuildFile section */

/* Begin PBXContainerItemProxy section */
		8FA5C8A21B9A264F0097637E /* PBXContainerItemProxy */ = {
			isa = PBXContainerItemProxy;
			containerPortal = 8FA5C8851B9A264F0097637E /* Project object */;
			proxyType = 1;
			remoteGlobalIDString = 8FA5C88C1B9A264F0097637E;
			remoteInfo = "Chess♔";
		};
		8FA5C8AD1B9A264F0097637E /* PBXContainerItemProxy */ = {
			isa = PBXContainerItemProxy;
			containerPortal = 8FA5C8851B9A264F0097637E /* Project object */;
			proxyType = 1;
			remoteGlobalIDString = 8FA5C88C1B9A264F0097637E;
			remoteInfo = "Chess♔";
		};
/* End PBXContainerItemProxy section */

/* Begin PBXFileReference section */
		8F056AF51BAF533C00CD617B /* LightModePreview.png */ = {isa = PBXFileReference; lastKnownFileType = image.png; path = LightModePreview.png; sourceTree = "<group>"; };
		8F056AF61BAF533C00CD617B /* DarkModePreview.png */ = {isa = PBXFileReference; lastKnownFileType = image.png; path = DarkModePreview.png; sourceTree = "<group>"; };
		8F14D1821B9C823500A58CCF /* 3.jpg */ = {isa = PBXFileReference; lastKnownFileType = image.jpeg; path = 3.jpg; sourceTree = "<group>"; };
		8F14D1831B9C823500A58CCF /* 2.JPG */ = {isa = PBXFileReference; lastKnownFileType = image.jpeg; path = 2.JPG; sourceTree = "<group>"; };
		8F14D1841B9C823500A58CCF /* 1.jpg */ = {isa = PBXFileReference; lastKnownFileType = image.jpeg; path = 1.jpg; sourceTree = "<group>"; };
		8F14D1851B9C823500A58CCF /* 4.jpg */ = {isa = PBXFileReference; lastKnownFileType = image.jpeg; path = 4.jpg; sourceTree = "<group>"; };
		8F14D18B1B9C918700A58CCF /* 15.jpg */ = {isa = PBXFileReference; lastKnownFileType = image.jpeg; path = 15.jpg; sourceTree = "<group>"; };
		8F14D18C1B9C918700A58CCF /* 14.jpg */ = {isa = PBXFileReference; lastKnownFileType = image.jpeg; path = 14.jpg; sourceTree = "<group>"; };
		8F14D18D1B9C918700A58CCF /* 13.jpg */ = {isa = PBXFileReference; lastKnownFileType = image.jpeg; path = 13.jpg; sourceTree = "<group>"; };
		8F14D18E1B9C918700A58CCF /* 12.jpg */ = {isa = PBXFileReference; lastKnownFileType = image.jpeg; path = 12.jpg; sourceTree = "<group>"; };
		8F14D18F1B9C918700A58CCF /* 11.jpg */ = {isa = PBXFileReference; lastKnownFileType = image.jpeg; path = 11.jpg; sourceTree = "<group>"; };
		8F14D1901B9C918700A58CCF /* 10.jpg */ = {isa = PBXFileReference; lastKnownFileType = image.jpeg; path = 10.jpg; sourceTree = "<group>"; };
		8F14D1911B9C918700A58CCF /* 9.png */ = {isa = PBXFileReference; lastKnownFileType = image.png; path = 9.png; sourceTree = "<group>"; };
		8F14D1921B9C918700A58CCF /* 8.jpg */ = {isa = PBXFileReference; lastKnownFileType = image.jpeg; path = 8.jpg; sourceTree = "<group>"; };
		8F14D1931B9C918700A58CCF /* 7.jpg */ = {isa = PBXFileReference; lastKnownFileType = image.jpeg; path = 7.jpg; sourceTree = "<group>"; };
		8F14D1941B9C918700A58CCF /* 6.jpg */ = {isa = PBXFileReference; lastKnownFileType = image.jpeg; path = 6.jpg; sourceTree = "<group>"; };
		8F14D1951B9C918700A58CCF /* 5.jpg */ = {isa = PBXFileReference; lastKnownFileType = image.jpeg; path = 5.jpg; sourceTree = "<group>"; };
		8F1AFCF81BAE05A7009D7299 /* FirstLaunchScreen.swift */ = {isa = PBXFileReference; fileEncoding = 4; lastKnownFileType = sourcecode.swift; path = FirstLaunchScreen.swift; sourceTree = "<group>"; };
		8F1BB5581BA22BAF0043E2B7 /* profileTabBarIcon@3x.png */ = {isa = PBXFileReference; lastKnownFileType = image.png; path = "profileTabBarIcon@3x.png"; sourceTree = "<group>"; };
		8F1E8EC11BD78EE900C41D37 /* mountain.jpg */ = {isa = PBXFileReference; lastKnownFileType = image.jpeg; path = mountain.jpg; sourceTree = "<group>"; };
		8F1E8EC31BD78F9600C41D37 /* nasaearth.jpg */ = {isa = PBXFileReference; lastKnownFileType = image.jpeg; path = nasaearth.jpg; sourceTree = "<group>"; };
		8F1E8ECD1BD7F66C00C41D37 /* profilePicPlaceholder.jpg */ = {isa = PBXFileReference; lastKnownFileType = image.jpeg; path = profilePicPlaceholder.jpg; sourceTree = "<group>"; };
		8F1E8ECF1BD7F74500C41D37 /* profilePicPlaceholderDark.jpg */ = {isa = PBXFileReference; lastKnownFileType = image.jpeg; path = profilePicPlaceholderDark.jpg; sourceTree = "<group>"; };
		8F1E8ED11BD833F100C41D37 /* PanBerLogoDark_4000.png */ = {isa = PBXFileReference; lastKnownFileType = image.png; path = PanBerLogoDark_4000.png; sourceTree = "<group>"; };
		8F1E8ED31BD8362A00C41D37 /* PanBerLogoDark2.png */ = {isa = PBXFileReference; lastKnownFileType = image.png; path = PanBerLogoDark2.png; sourceTree = "<group>"; };
		8F2DD6D21B9AFFF80059CEFA /* board black and white no border.png */ = {isa = PBXFileReference; lastKnownFileType = image.png; path = "board black and white no border.png"; sourceTree = "<group>"; };
		8F2DD6D31B9AFFF80059CEFA /* ChessIconTab@3x.png */ = {isa = PBXFileReference; lastKnownFileType = image.png; path = "ChessIconTab@3x.png"; sourceTree = "<group>"; };
		8F2DD6D41B9AFFF80059CEFA /* clack and white board with half boarder copy.png */ = {isa = PBXFileReference; lastKnownFileType = image.png; path = "clack and white board with half boarder copy.png"; sourceTree = "<group>"; };
		8F2DD6D51B9AFFF80059CEFA /* Data@3x.png */ = {isa = PBXFileReference; lastKnownFileType = image.png; path = "Data@3x.png"; sourceTree = "<group>"; };
		8F2DD6D61B9AFFF80059CEFA /* Friends@3x.png */ = {isa = PBXFileReference; lastKnownFileType = image.png; path = "Friends@3x.png"; sourceTree = "<group>"; };
		8F2DD6D71B9AFFF80059CEFA /* graySquare.png */ = {isa = PBXFileReference; lastKnownFileType = image.png; path = graySquare.png; sourceTree = "<group>"; };
		8F2DD6D81B9AFFF80059CEFA /* moveOption.png */ = {isa = PBXFileReference; lastKnownFileType = image.png; path = moveOption.png; sourceTree = "<group>"; };
		8F2DD6D91B9AFFF80059CEFA /* pieceMarked.png */ = {isa = PBXFileReference; lastKnownFileType = image.png; path = pieceMarked.png; sourceTree = "<group>"; };
		8F2DD6DA1B9AFFF80059CEFA /* piecePossibilities.png */ = {isa = PBXFileReference; lastKnownFileType = image.png; path = piecePossibilities.png; sourceTree = "<group>"; };
		8F2DD6DB1B9AFFF80059CEFA /* pieces vlack and white board blurred.png */ = {isa = PBXFileReference; lastKnownFileType = image.png; path = "pieces vlack and white board blurred.png"; sourceTree = "<group>"; };
		8F2DD6DC1B9AFFF80059CEFA /* settingsTabBarIcon@3x.png */ = {isa = PBXFileReference; lastKnownFileType = image.png; path = "settingsTabBarIcon@3x.png"; sourceTree = "<group>"; };
		8F2DD6DD1B9AFFF80059CEFA /* whiteSquare.png */ = {isa = PBXFileReference; lastKnownFileType = image.png; path = whiteSquare.png; sourceTree = "<group>"; };
		8F31DCE01BC70E30004544CC /* checkmark13.png */ = {isa = PBXFileReference; lastKnownFileType = image.png; path = checkmark13.png; sourceTree = "<group>"; };
		8F31DCE41BC716F9004544CC /* add.png */ = {isa = PBXFileReference; lastKnownFileType = image.png; path = add.png; sourceTree = "<group>"; };
		8F31DCE61BC7189B004544CC /* add1.png */ = {isa = PBXFileReference; lastKnownFileType = image.png; path = add1.png; sourceTree = "<group>"; };
		8F31DCEC1BC7C8B5004544CC /* pending.png */ = {isa = PBXFileReference; lastKnownFileType = image.png; path = pending.png; sourceTree = "<group>"; };
		8F31DCF21BC9513B004544CC /* equalization2.png */ = {isa = PBXFileReference; lastKnownFileType = image.png; path = equalization2.png; sourceTree = "<group>"; };
		8F38EF691BB8399D00668B3B /* JBpp.jpg */ = {isa = PBXFileReference; lastKnownFileType = image.jpeg; path = JBpp.jpg; sourceTree = "<group>"; };
		8F3AC3811B9AFADC00815CDC /* libz.dylib */ = {isa = PBXFileReference; lastKnownFileType = "compiled.mach-o.dylib"; name = libz.dylib; path = usr/lib/libz.dylib; sourceTree = SDKROOT; };
		8F3AC3831B9AFAE700815CDC /* libsqlite3.dylib */ = {isa = PBXFileReference; lastKnownFileType = "compiled.mach-o.dylib"; name = libsqlite3.dylib; path = usr/lib/libsqlite3.dylib; sourceTree = SDKROOT; };
		8F4A02681B9A3E890084024A /* PANBERlogo.png */ = {isa = PBXFileReference; lastKnownFileType = image.png; path = PANBERlogo.png; sourceTree = "<group>"; };
		8F4A026A1B9A3EE70084024A /* whiteBishop.png */ = {isa = PBXFileReference; lastKnownFileType = image.png; path = whiteBishop.png; sourceTree = "<group>"; };
		8F4A026B1B9A3EE70084024A /* whiteKing.png */ = {isa = PBXFileReference; lastKnownFileType = image.png; path = whiteKing.png; sourceTree = "<group>"; };
		8F4A026C1B9A3EE70084024A /* whiteKnight.png */ = {isa = PBXFileReference; lastKnownFileType = image.png; path = whiteKnight.png; sourceTree = "<group>"; };
		8F4A026D1B9A3EE70084024A /* whitePawn.png */ = {isa = PBXFileReference; lastKnownFileType = image.png; path = whitePawn.png; sourceTree = "<group>"; };
		8F4A026E1B9A3EE80084024A /* whiteQueen.png */ = {isa = PBXFileReference; lastKnownFileType = image.png; path = whiteQueen.png; sourceTree = "<group>"; };
		8F4A026F1B9A3EE80084024A /* whiteRook.png */ = {isa = PBXFileReference; lastKnownFileType = image.png; path = whiteRook.png; sourceTree = "<group>"; };
		8F4A02701B9A3EE80084024A /* blackKing.png */ = {isa = PBXFileReference; lastKnownFileType = image.png; path = blackKing.png; sourceTree = "<group>"; };
		8F4A02711B9A3EE80084024A /* blackKnight.png */ = {isa = PBXFileReference; lastKnownFileType = image.png; path = blackKnight.png; sourceTree = "<group>"; };
		8F4A02721B9A3EE80084024A /* blackPawn.png */ = {isa = PBXFileReference; lastKnownFileType = image.png; path = blackPawn.png; sourceTree = "<group>"; };
		8F4A02731B9A3EE80084024A /* blackQueen.png */ = {isa = PBXFileReference; lastKnownFileType = image.png; path = blackQueen.png; sourceTree = "<group>"; };
		8F4A02741B9A3EE80084024A /* blackBishop.png */ = {isa = PBXFileReference; lastKnownFileType = image.png; path = blackBishop.png; sourceTree = "<group>"; };
		8F4A02801B9A3F0B0084024A /* blackRook.png */ = {isa = PBXFileReference; lastKnownFileType = image.png; path = blackRook.png; sourceTree = "<group>"; };
		8F4A02821B9A3F240084024A /* chessIcon.png */ = {isa = PBXFileReference; lastKnownFileType = image.png; path = chessIcon.png; sourceTree = "<group>"; };
		8F4A02831B9A3F240084024A /* chessIcon1024.png */ = {isa = PBXFileReference; lastKnownFileType = image.png; path = chessIcon1024.png; sourceTree = "<group>"; };
		8F4A02841B9A3F240084024A /* chessIcon180.png */ = {isa = PBXFileReference; lastKnownFileType = image.png; path = chessIcon180.png; sourceTree = "<group>"; };
		8F4A02891B9A40FF0084024A /* GameInterface.swift */ = {isa = PBXFileReference; fileEncoding = 4; lastKnownFileType = sourcecode.swift; path = GameInterface.swift; sourceTree = "<group>"; };
		8F4A028B1B9A414D0084024A /* GameMenu.swift */ = {isa = PBXFileReference; fileEncoding = 4; lastKnownFileType = sourcecode.swift; path = GameMenu.swift; sourceTree = "<group>"; };
		8F4A028D1B9A42180084024A /* Bolts.framework */ = {isa = PBXFileReference; lastKnownFileType = wrapper.framework; path = Bolts.framework; sourceTree = "<group>"; };
		8F4A028E1B9A42180084024A /* Parse.framework */ = {isa = PBXFileReference; lastKnownFileType = wrapper.framework; path = Parse.framework; sourceTree = "<group>"; };
		8F4A02921B9A424F0084024A /* AudioToolbox.framework */ = {isa = PBXFileReference; lastKnownFileType = wrapper.framework; name = AudioToolbox.framework; path = System/Library/Frameworks/AudioToolbox.framework; sourceTree = SDKROOT; };
		8F4A02941B9A42610084024A /* CFNetwork.framework */ = {isa = PBXFileReference; lastKnownFileType = wrapper.framework; name = CFNetwork.framework; path = System/Library/Frameworks/CFNetwork.framework; sourceTree = SDKROOT; };
		8F4A02961B9A42690084024A /* CoreGraphics.framework */ = {isa = PBXFileReference; lastKnownFileType = wrapper.framework; name = CoreGraphics.framework; path = System/Library/Frameworks/CoreGraphics.framework; sourceTree = SDKROOT; };
		8F4A02981B9A42720084024A /* CoreLocation.framework */ = {isa = PBXFileReference; lastKnownFileType = wrapper.framework; name = CoreLocation.framework; path = System/Library/Frameworks/CoreLocation.framework; sourceTree = SDKROOT; };
		8F4A029A1B9A427B0084024A /* MobileCoreServices.framework */ = {isa = PBXFileReference; lastKnownFileType = wrapper.framework; name = MobileCoreServices.framework; path = System/Library/Frameworks/MobileCoreServices.framework; sourceTree = SDKROOT; };
		8F4A029C1B9A42820084024A /* QuartzCore.framework */ = {isa = PBXFileReference; lastKnownFileType = wrapper.framework; name = QuartzCore.framework; path = System/Library/Frameworks/QuartzCore.framework; sourceTree = SDKROOT; };
		8F4A029E1B9A42890084024A /* Security.framework */ = {isa = PBXFileReference; lastKnownFileType = wrapper.framework; name = Security.framework; path = System/Library/Frameworks/Security.framework; sourceTree = SDKROOT; };
		8F4A02A01B9A428E0084024A /* StoreKit.framework */ = {isa = PBXFileReference; lastKnownFileType = wrapper.framework; name = StoreKit.framework; path = System/Library/Frameworks/StoreKit.framework; sourceTree = SDKROOT; };
		8F4A02A21B9A429B0084024A /* SystemConfiguration.framework */ = {isa = PBXFileReference; lastKnownFileType = wrapper.framework; name = SystemConfiguration.framework; path = System/Library/Frameworks/SystemConfiguration.framework; sourceTree = SDKROOT; };
		8F4A02A41B9A42D40084024A /* Accounts.framework */ = {isa = PBXFileReference; lastKnownFileType = wrapper.framework; name = Accounts.framework; path = System/Library/Frameworks/Accounts.framework; sourceTree = SDKROOT; };
		8F4A02A61B9A42DC0084024A /* Social.framework */ = {isa = PBXFileReference; lastKnownFileType = wrapper.framework; name = Social.framework; path = System/Library/Frameworks/Social.framework; sourceTree = SDKROOT; };
		8F4CF77C1BDBABB10037865C /* NewGamePage.swift */ = {isa = PBXFileReference; fileEncoding = 4; lastKnownFileType = sourcecode.swift; path = NewGamePage.swift; sourceTree = "<group>"; };
		8F4CF77E1BDBAF1E0037865C /* NewGameFriends.swift */ = {isa = PBXFileReference; fileEncoding = 4; lastKnownFileType = sourcecode.swift; path = NewGameFriends.swift; sourceTree = "<group>"; };
		8F4CF7801BDBB6AD0037865C /* NewGameSettingsPage.swift */ = {isa = PBXFileReference; fileEncoding = 4; lastKnownFileType = sourcecode.swift; path = NewGameSettingsPage.swift; sourceTree = "<group>"; };
		8F5250BF1BD01A66005D4682 /* LeaderBoard.swift */ = {isa = PBXFileReference; fileEncoding = 4; lastKnownFileType = sourcecode.swift; path = LeaderBoard.swift; sourceTree = "<group>"; };
		8F768D9A1BD6AC4F007A7BFC /* SignUpMenu.swift */ = {isa = PBXFileReference; fileEncoding = 4; lastKnownFileType = sourcecode.swift; path = SignUpMenu.swift; sourceTree = "<group>"; };
		8F840BCB1BBDAE6600511F44 /* FriendRequests.swift */ = {isa = PBXFileReference; fileEncoding = 4; lastKnownFileType = sourcecode.swift; path = FriendRequests.swift; sourceTree = "<group>"; };
		8F8639281B9B01BF0055608B /* AnalyzeMenu.swift */ = {isa = PBXFileReference; fileEncoding = 4; lastKnownFileType = sourcecode.swift; path = AnalyzeMenu.swift; sourceTree = "<group>"; };
		8F86392A1B9B01D00055608B /* ProfileMenu.swift */ = {isa = PBXFileReference; fileEncoding = 4; lastKnownFileType = sourcecode.swift; path = ProfileMenu.swift; sourceTree = "<group>"; };
		8F86392C1B9B02780055608B /* ChatView.swift */ = {isa = PBXFileReference; fileEncoding = 4; lastKnownFileType = sourcecode.swift; path = ChatView.swift; sourceTree = "<group>"; };
		8F86392E1B9B044F0055608B /* FriendsMenu.swift */ = {isa = PBXFileReference; fileEncoding = 4; lastKnownFileType = sourcecode.swift; path = FriendsMenu.swift; sourceTree = "<group>"; };
		8F8639321B9B09F90055608B /* BlackBC.jpg */ = {isa = PBXFileReference; lastKnownFileType = image.jpeg; path = BlackBC.jpg; sourceTree = "<group>"; };
		8F87E8BB1BD6DBE600506F2F /* arrow483.png */ = {isa = PBXFileReference; lastKnownFileType = image.png; path = arrow483.png; sourceTree = "<group>"; };
		8F8BD2A41BC28E1100B25CFE /* OtherUserProfilePage.swift */ = {isa = PBXFileReference; fileEncoding = 4; lastKnownFileType = sourcecode.swift; path = OtherUserProfilePage.swift; sourceTree = "<group>"; };
		8F8BD2A61BC41ED700B25CFE /* arrow_white.png */ = {isa = PBXFileReference; lastKnownFileType = image.png; path = arrow_white.png; sourceTree = "<group>"; };
		8F8BD2A71BC41ED700B25CFE /* arrow_black.png */ = {isa = PBXFileReference; lastKnownFileType = image.png; path = arrow_black.png; sourceTree = "<group>"; };
		8F8BD2AA1BC524C600B25CFE /* ProfilePage.swift */ = {isa = PBXFileReference; fileEncoding = 4; lastKnownFileType = sourcecode.swift; path = ProfilePage.swift; sourceTree = "<group>"; };
		8F8BD2AC1BC5380100B25CFE /* FriendRequestsPage.swift */ = {isa = PBXFileReference; fileEncoding = 4; lastKnownFileType = sourcecode.swift; path = FriendRequestsPage.swift; sourceTree = "<group>"; };
		8F8BD2B11BC6C1C500B25CFE /* checkmark12.png */ = {isa = PBXFileReference; lastKnownFileType = image.png; path = checkmark12.png; sourceTree = "<group>"; };
		8F8BD2B21BC6C1C500B25CFE /* close38.png */ = {isa = PBXFileReference; lastKnownFileType = image.png; path = close38.png; sourceTree = "<group>"; };
		8F8BD2B31BC6C1C500B25CFE /* checkmark11.png */ = {isa = PBXFileReference; lastKnownFileType = image.png; path = checkmark11.png; sourceTree = "<group>"; };
		8F8BD2BA1BC6D83F00B25CFE /* close.png */ = {isa = PBXFileReference; lastKnownFileType = image.png; path = close.png; sourceTree = "<group>"; };
		8F8BD2BC1BC6E22B00B25CFE /* close1.png */ = {isa = PBXFileReference; lastKnownFileType = image.png; path = close1.png; sourceTree = "<group>"; };
		8F910C2F1BD6C58F0003647E /* 20.jpg */ = {isa = PBXFileReference; lastKnownFileType = image.jpeg; path = 20.jpg; sourceTree = "<group>"; };
		8F970FBC1BB88EFD00ED758C /* ChessIconSmallTextAndLogo.png */ = {isa = PBXFileReference; lastKnownFileType = image.png; path = ChessIconSmallTextAndLogo.png; sourceTree = "<group>"; };
		8F970FBE1BB8950000ED758C /* ChessIconSmallTextAndLogoDarkMode.png */ = {isa = PBXFileReference; lastKnownFileType = image.png; path = ChessIconSmallTextAndLogoDarkMode.png; sourceTree = "<group>"; };
		8F9A9A2A1BDAE08600EA5953 /* OtherUserProfilePageFromFriendRequest.swift */ = {isa = PBXFileReference; fileEncoding = 4; lastKnownFileType = sourcecode.swift; path = OtherUserProfilePageFromFriendRequest.swift; sourceTree = "<group>"; };
		8F9A9A2C1BDAE0EE00EA5953 /* OtherUserProfilePageFromFriends.swift */ = {isa = PBXFileReference; fileEncoding = 4; lastKnownFileType = sourcecode.swift; path = OtherUserProfilePageFromFriends.swift; sourceTree = "<group>"; };
		8F9A9A2E1BDAE11800EA5953 /* OtherUserProfilePageFromUsersFriends.swift */ = {isa = PBXFileReference; fileEncoding = 4; lastKnownFileType = sourcecode.swift; path = OtherUserProfilePageFromUsersFriends.swift; sourceTree = "<group>"; };
		8FA018D21B9B0D76002B410E /* chessIconRounded.png */ = {isa = PBXFileReference; lastKnownFileType = image.png; path = chessIconRounded.png; sourceTree = "<group>"; };
		8FA018D41B9B0E33002B410E /* Bauru.ttf */ = {isa = PBXFileReference; lastKnownFileType = file; path = Bauru.ttf; sourceTree = "<group>"; };
		8FA018D81B9B1FAE002B410E /* ChessIconAndTExt.png */ = {isa = PBXFileReference; lastKnownFileType = image.png; path = ChessIconAndTExt.png; sourceTree = "<group>"; };
		8FA018DA1B9B2D8C002B410E /* DSCF0388.jpg */ = {isa = PBXFileReference; lastKnownFileType = image.jpeg; path = DSCF0388.jpg; sourceTree = "<group>"; };
		8FA5C88D1B9A264F0097637E /* Chess♔.app */ = {isa = PBXFileReference; explicitFileType = wrapper.application; includeInIndex = 0; path = "Chess♔.app"; sourceTree = BUILT_PRODUCTS_DIR; };
		8FA5C8901B9A264F0097637E /* AppDelegate.swift */ = {isa = PBXFileReference; lastKnownFileType = sourcecode.swift; path = AppDelegate.swift; sourceTree = "<group>"; };
		8FA5C8921B9A264F0097637E /* LoginMenu.swift */ = {isa = PBXFileReference; lastKnownFileType = sourcecode.swift; path = LoginMenu.swift; sourceTree = "<group>"; };
		8FA5C8951B9A264F0097637E /* Base */ = {isa = PBXFileReference; lastKnownFileType = file.storyboard; name = Base; path = Base.lproj/Main.storyboard; sourceTree = "<group>"; };
		8FA5C8971B9A264F0097637E /* Assets.xcassets */ = {isa = PBXFileReference; lastKnownFileType = folder.assetcatalog; path = Assets.xcassets; sourceTree = "<group>"; };
		8FA5C89A1B9A264F0097637E /* Base */ = {isa = PBXFileReference; lastKnownFileType = file.storyboard; name = Base; path = Base.lproj/LaunchScreen.storyboard; sourceTree = "<group>"; };
		8FA5C89C1B9A264F0097637E /* Info.plist */ = {isa = PBXFileReference; lastKnownFileType = text.plist.xml; path = Info.plist; sourceTree = "<group>"; };
		8FA5C8A11B9A264F0097637E /* Chess♔.xctest */ = {isa = PBXFileReference; explicitFileType = wrapper.cfbundle; includeInIndex = 0; path = "Chess♔.xctest"; sourceTree = BUILT_PRODUCTS_DIR; };
		8FA5C8A51B9A264F0097637E /* Chess_Tests.swift */ = {isa = PBXFileReference; lastKnownFileType = sourcecode.swift; path = Chess_Tests.swift; sourceTree = "<group>"; };
		8FA5C8A71B9A264F0097637E /* Info.plist */ = {isa = PBXFileReference; lastKnownFileType = text.plist.xml; path = Info.plist; sourceTree = "<group>"; };
		8FA5C8AC1B9A264F0097637E /* Chess♔.xctest */ = {isa = PBXFileReference; explicitFileType = wrapper.cfbundle; includeInIndex = 0; path = "Chess♔.xctest"; sourceTree = BUILT_PRODUCTS_DIR; };
		8FA5C8B01B9A264F0097637E /* Chess_UITests.swift */ = {isa = PBXFileReference; lastKnownFileType = sourcecode.swift; path = Chess_UITests.swift; sourceTree = "<group>"; };
		8FA5C8B21B9A264F0097637E /* Info.plist */ = {isa = PBXFileReference; lastKnownFileType = text.plist.xml; path = Info.plist; sourceTree = "<group>"; };
		8FBD3A361BB498A200212314 /* GameInterFace2.swift */ = {isa = PBXFileReference; fileEncoding = 4; lastKnownFileType = sourcecode.swift; path = GameInterFace2.swift; sourceTree = "<group>"; };
		8FBED2FB1BB1F35700CDAACC /* UserTableViewCell.swift */ = {isa = PBXFileReference; fileEncoding = 4; lastKnownFileType = sourcecode.swift; path = UserTableViewCell.swift; sourceTree = "<group>"; };
		8FBED2FD1BB1F50100CDAACC /* MyPlayground.playground */ = {isa = PBXFileReference; lastKnownFileType = file.playground; path = MyPlayground.playground; sourceTree = "<group>"; };
		F1132E251BD02151000FEB3D /* FBSDKCoreKit.framework */ = {isa = PBXFileReference; lastKnownFileType = wrapper.framework; path = FBSDKCoreKit.framework; sourceTree = "<group>"; };
		F1132E261BD02151000FEB3D /* FBSDKLoginKit.framework */ = {isa = PBXFileReference; lastKnownFileType = wrapper.framework; path = FBSDKLoginKit.framework; sourceTree = "<group>"; };
		F1132E271BD02151000FEB3D /* FBSDKShareKit.framework */ = {isa = PBXFileReference; lastKnownFileType = wrapper.framework; path = FBSDKShareKit.framework; sourceTree = "<group>"; };
		F1132E2B1BD02168000FEB3D /* ParseFacebookUtilsV4.framework */ = {isa = PBXFileReference; lastKnownFileType = wrapper.framework; path = ParseFacebookUtilsV4.framework; sourceTree = "<group>"; };
		F134DDDD1BC1C417005BA54C /* UsersProfilePage.swift */ = {isa = PBXFileReference; fileEncoding = 4; lastKnownFileType = sourcecode.swift; path = UsersProfilePage.swift; sourceTree = "<group>"; };
		F1431A5D1BD281B600C5854A /* UsersFriendsPage.swift */ = {isa = PBXFileReference; fileEncoding = 4; lastKnownFileType = sourcecode.swift; path = UsersFriendsPage.swift; sourceTree = "<group>"; };
		F1431A601BD298F400C5854A /* panBeriPhone.jpg */ = {isa = PBXFileReference; lastKnownFileType = image.jpeg; path = panBeriPhone.jpg; sourceTree = "<group>"; };
		F14E64321BC8FA8800751F20 /* Chess♔-Bridging-Header.h */ = {isa = PBXFileReference; fileEncoding = 4; lastKnownFileType = sourcecode.c.h; path = "Chess♔-Bridging-Header.h"; sourceTree = "<group>"; };
		F14E644D1BC98B7900751F20 /* FriendsPage.swift */ = {isa = PBXFileReference; fileEncoding = 4; lastKnownFileType = sourcecode.swift; path = FriendsPage.swift; sourceTree = "<group>"; };
		F1B4145F1BC72E5D00FEE6A4 /* SettingsPage.swift */ = {isa = PBXFileReference; fileEncoding = 4; lastKnownFileType = sourcecode.swift; path = SettingsPage.swift; sourceTree = "<group>"; };
		F1BFB27A1BDBD79100660020 /* Board.swift */ = {isa = PBXFileReference; fileEncoding = 4; lastKnownFileType = sourcecode.swift; path = Board.swift; sourceTree = "<group>"; };
		F1BFB27B1BDBD79100660020 /* Pieces.swift */ = {isa = PBXFileReference; fileEncoding = 4; lastKnownFileType = sourcecode.swift; path = Pieces.swift; sourceTree = "<group>"; };
/* End PBXFileReference section */

/* Begin PBXFrameworksBuildPhase section */
		8FA5C88A1B9A264F0097637E /* Frameworks */ = {
			isa = PBXFrameworksBuildPhase;
			buildActionMask = 2147483647;
			files = (
				8F3AC3841B9AFAE700815CDC /* libsqlite3.dylib in Frameworks */,
				F1132E291BD02151000FEB3D /* FBSDKLoginKit.framework in Frameworks */,
				F1132E2C1BD02168000FEB3D /* ParseFacebookUtilsV4.framework in Frameworks */,
				F1132E281BD02151000FEB3D /* FBSDKCoreKit.framework in Frameworks */,
				8F3AC3821B9AFADC00815CDC /* libz.dylib in Frameworks */,
				8F4A02A71B9A42DC0084024A /* Social.framework in Frameworks */,
				8F4A02A51B9A42D40084024A /* Accounts.framework in Frameworks */,
				8F4A02A31B9A429B0084024A /* SystemConfiguration.framework in Frameworks */,
				8F4A02A11B9A428E0084024A /* StoreKit.framework in Frameworks */,
				8F4A029F1B9A42890084024A /* Security.framework in Frameworks */,
				8F4A029D1B9A42820084024A /* QuartzCore.framework in Frameworks */,
				8F4A029B1B9A427B0084024A /* MobileCoreServices.framework in Frameworks */,
				F1132E2A1BD02151000FEB3D /* FBSDKShareKit.framework in Frameworks */,
				8F4A02991B9A42720084024A /* CoreLocation.framework in Frameworks */,
				8F4A02971B9A42690084024A /* CoreGraphics.framework in Frameworks */,
				8F4A02951B9A42610084024A /* CFNetwork.framework in Frameworks */,
				8F4A02931B9A424F0084024A /* AudioToolbox.framework in Frameworks */,
				8F4A02901B9A42180084024A /* Parse.framework in Frameworks */,
				8F4A028F1B9A42180084024A /* Bolts.framework in Frameworks */,
			);
			runOnlyForDeploymentPostprocessing = 0;
		};
		8FA5C89E1B9A264F0097637E /* Frameworks */ = {
			isa = PBXFrameworksBuildPhase;
			buildActionMask = 2147483647;
			files = (
			);
			runOnlyForDeploymentPostprocessing = 0;
		};
		8FA5C8A91B9A264F0097637E /* Frameworks */ = {
			isa = PBXFrameworksBuildPhase;
			buildActionMask = 2147483647;
			files = (
			);
			runOnlyForDeploymentPostprocessing = 0;
		};
/* End PBXFrameworksBuildPhase section */

/* Begin PBXGroup section */
		8F14D18A1B9C917800A58CCF /* LoginImages */ = {
			isa = PBXGroup;
			children = (
				8F14D1821B9C823500A58CCF /* 3.jpg */,
				8F14D1831B9C823500A58CCF /* 2.JPG */,
				8F910C2F1BD6C58F0003647E /* 20.jpg */,
				8F14D1841B9C823500A58CCF /* 1.jpg */,
				8F14D18B1B9C918700A58CCF /* 15.jpg */,
				8F14D18C1B9C918700A58CCF /* 14.jpg */,
				8F14D18D1B9C918700A58CCF /* 13.jpg */,
				8F14D18E1B9C918700A58CCF /* 12.jpg */,
				8F14D18F1B9C918700A58CCF /* 11.jpg */,
				8F14D1901B9C918700A58CCF /* 10.jpg */,
				8F14D1911B9C918700A58CCF /* 9.png */,
				8F14D1921B9C918700A58CCF /* 8.jpg */,
				8F14D1931B9C918700A58CCF /* 7.jpg */,
				8F14D1941B9C918700A58CCF /* 6.jpg */,
				8F14D1951B9C918700A58CCF /* 5.jpg */,
				8F14D1851B9C823500A58CCF /* 4.jpg */,
			);
			name = LoginImages;
			sourceTree = "<group>";
		};
		8F4A02651B9A3E590084024A /* Assets */ = {
			isa = PBXGroup;
			children = (
				8FA018D41B9B0E33002B410E /* Bauru.ttf */,
				8F4A02671B9A3E6E0084024A /* Images */,
				8F4A02661B9A3E650084024A /* Logos */,
			);
			name = Assets;
			sourceTree = "<group>";
		};
		8F4A02661B9A3E650084024A /* Logos */ = {
			isa = PBXGroup;
			children = (
				8F4A02821B9A3F240084024A /* chessIcon.png */,
				8F4A02831B9A3F240084024A /* chessIcon1024.png */,
				8F4A02841B9A3F240084024A /* chessIcon180.png */,
				8F4A02681B9A3E890084024A /* PANBERlogo.png */,
			);
			name = Logos;
			sourceTree = "<group>";
		};
		8F4A02671B9A3E6E0084024A /* Images */ = {
			isa = PBXGroup;
			children = (
				F1431A5F1BD298E700C5854A /* LaunchImages */,
				8F14D18A1B9C917800A58CCF /* LoginImages */,
				8F1E8ECD1BD7F66C00C41D37 /* profilePicPlaceholder.jpg */,
				8F1E8ED31BD8362A00C41D37 /* PanBerLogoDark2.png */,
				8F1E8ED11BD833F100C41D37 /* PanBerLogoDark_4000.png */,
				8F1E8ECF1BD7F74500C41D37 /* profilePicPlaceholderDark.jpg */,
				8F1E8EC11BD78EE900C41D37 /* mountain.jpg */,
				8F1E8EC31BD78F9600C41D37 /* nasaearth.jpg */,
				8F87E8BB1BD6DBE600506F2F /* arrow483.png */,
				8F31DCF21BC9513B004544CC /* equalization2.png */,
				8F8BD2B11BC6C1C500B25CFE /* checkmark12.png */,
				8F31DCEC1BC7C8B5004544CC /* pending.png */,
				8F31DCE01BC70E30004544CC /* checkmark13.png */,
				8F31DCE41BC716F9004544CC /* add.png */,
				8F31DCE61BC7189B004544CC /* add1.png */,
				8F8BD2B21BC6C1C500B25CFE /* close38.png */,
				8F8BD2BC1BC6E22B00B25CFE /* close1.png */,
				8F8BD2BA1BC6D83F00B25CFE /* close.png */,
				8F8BD2B31BC6C1C500B25CFE /* checkmark11.png */,
				8F8BD2A61BC41ED700B25CFE /* arrow_white.png */,
				8F8BD2A71BC41ED700B25CFE /* arrow_black.png */,
				8F970FBC1BB88EFD00ED758C /* ChessIconSmallTextAndLogo.png */,
				8F970FBE1BB8950000ED758C /* ChessIconSmallTextAndLogoDarkMode.png */,
				8F38EF691BB8399D00668B3B /* JBpp.jpg */,
				8F056AF51BAF533C00CD617B /* LightModePreview.png */,
				8F056AF61BAF533C00CD617B /* DarkModePreview.png */,
				8FA018D21B9B0D76002B410E /* chessIconRounded.png */,
				8F2DD6D21B9AFFF80059CEFA /* board black and white no border.png */,
				8F2DD6D31B9AFFF80059CEFA /* ChessIconTab@3x.png */,
				8F2DD6D41B9AFFF80059CEFA /* clack and white board with half boarder copy.png */,
				8F2DD6D51B9AFFF80059CEFA /* Data@3x.png */,
				8F2DD6D61B9AFFF80059CEFA /* Friends@3x.png */,
				8F1BB5581BA22BAF0043E2B7 /* profileTabBarIcon@3x.png */,
				8F2DD6D71B9AFFF80059CEFA /* graySquare.png */,
				8F2DD6D81B9AFFF80059CEFA /* moveOption.png */,
				8FA018DA1B9B2D8C002B410E /* DSCF0388.jpg */,
				8F2DD6D91B9AFFF80059CEFA /* pieceMarked.png */,
				8F2DD6DA1B9AFFF80059CEFA /* piecePossibilities.png */,
				8F2DD6DB1B9AFFF80059CEFA /* pieces vlack and white board blurred.png */,
				8F2DD6DC1B9AFFF80059CEFA /* settingsTabBarIcon@3x.png */,
				8F2DD6DD1B9AFFF80059CEFA /* whiteSquare.png */,
				8F8639321B9B09F90055608B /* BlackBC.jpg */,
				8FA018D81B9B1FAE002B410E /* ChessIconAndTExt.png */,
				8FA1F7CD1B9AFCA800A0C548 /* Pieces */,
			);
			name = Images;
			sourceTree = "<group>";
		};
		8F4A02881B9A3F730084024A /* Swift */ = {
			isa = PBXGroup;
			children = (
				8FA5C8921B9A264F0097637E /* LoginMenu.swift */,
				8F768D9A1BD6AC4F007A7BFC /* SignUpMenu.swift */,
				8F4A028B1B9A414D0084024A /* GameMenu.swift */,
				8F4A02891B9A40FF0084024A /* GameInterface.swift */,
				8F8639281B9B01BF0055608B /* AnalyzeMenu.swift */,
				8F86392A1B9B01D00055608B /* ProfileMenu.swift */,
				8F8BD2AA1BC524C600B25CFE /* ProfilePage.swift */,
				8F86392C1B9B02780055608B /* ChatView.swift */,
				8F86392E1B9B044F0055608B /* FriendsMenu.swift */,
				8F840BCB1BBDAE6600511F44 /* FriendRequests.swift */,
				8F1AFCF81BAE05A7009D7299 /* FirstLaunchScreen.swift */,
				8FA5C8901B9A264F0097637E /* AppDelegate.swift */,
				F14E64321BC8FA8800751F20 /* Chess♔-Bridging-Header.h */,
				8FBED2FB1BB1F35700CDAACC /* UserTableViewCell.swift */,
				8F4CF77C1BDBABB10037865C /* NewGamePage.swift */,
				8FBED2FD1BB1F50100CDAACC /* MyPlayground.playground */,
				8FBD3A361BB498A200212314 /* GameInterFace2.swift */,
				F1BFB27A1BDBD79100660020 /* Board.swift */,
				F1BFB27B1BDBD79100660020 /* Pieces.swift */,
				F134DDDD1BC1C417005BA54C /* UsersProfilePage.swift */,
				8F8BD2A41BC28E1100B25CFE /* OtherUserProfilePage.swift */,
				8F9A9A2A1BDAE08600EA5953 /* OtherUserProfilePageFromFriendRequest.swift */,
				8F9A9A2C1BDAE0EE00EA5953 /* OtherUserProfilePageFromFriends.swift */,
				8F9A9A2E1BDAE11800EA5953 /* OtherUserProfilePageFromUsersFriends.swift */,
				8F8BD2AC1BC5380100B25CFE /* FriendRequestsPage.swift */,
				F1B4145F1BC72E5D00FEE6A4 /* SettingsPage.swift */,
				F14E644D1BC98B7900751F20 /* FriendsPage.swift */,
				8F4CF77E1BDBAF1E0037865C /* NewGameFriends.swift */,
				F1431A5D1BD281B600C5854A /* UsersFriendsPage.swift */,
				8FA5C8971B9A264F0097637E /* Assets.xcassets */,
				8F4CF7801BDBB6AD0037865C /* NewGameSettingsPage.swift */,
				8F5250BF1BD01A66005D4682 /* LeaderBoard.swift */,
			);
			name = Swift;
			sourceTree = "<group>";
		};
		8F4A02911B9A421D0084024A /* Frameworks */ = {
			isa = PBXGroup;
			children = (
				F1132E2B1BD02168000FEB3D /* ParseFacebookUtilsV4.framework */,
				F1132E251BD02151000FEB3D /* FBSDKCoreKit.framework */,
				F1132E261BD02151000FEB3D /* FBSDKLoginKit.framework */,
				F1132E271BD02151000FEB3D /* FBSDKShareKit.framework */,
				8F3AC3831B9AFAE700815CDC /* libsqlite3.dylib */,
				8F3AC3811B9AFADC00815CDC /* libz.dylib */,
				8F4A02A61B9A42DC0084024A /* Social.framework */,
				8F4A02A41B9A42D40084024A /* Accounts.framework */,
				8F4A02A21B9A429B0084024A /* SystemConfiguration.framework */,
				8F4A02A01B9A428E0084024A /* StoreKit.framework */,
				8F4A029E1B9A42890084024A /* Security.framework */,
				8F4A029C1B9A42820084024A /* QuartzCore.framework */,
				8F4A029A1B9A427B0084024A /* MobileCoreServices.framework */,
				8F4A02981B9A42720084024A /* CoreLocation.framework */,
				8F4A02961B9A42690084024A /* CoreGraphics.framework */,
				8F4A02941B9A42610084024A /* CFNetwork.framework */,
				8F4A02921B9A424F0084024A /* AudioToolbox.framework */,
				8F4A028D1B9A42180084024A /* Bolts.framework */,
				8F4A028E1B9A42180084024A /* Parse.framework */,
			);
			name = Frameworks;
			sourceTree = "<group>";
		};
		8FA1F7CD1B9AFCA800A0C548 /* Pieces */ = {
			isa = PBXGroup;
			children = (
				8F4A026A1B9A3EE70084024A /* whiteBishop.png */,
				8F4A026B1B9A3EE70084024A /* whiteKing.png */,
				8F4A026C1B9A3EE70084024A /* whiteKnight.png */,
				8F4A026D1B9A3EE70084024A /* whitePawn.png */,
				8F4A026E1B9A3EE80084024A /* whiteQueen.png */,
				8F4A026F1B9A3EE80084024A /* whiteRook.png */,
				8F4A02701B9A3EE80084024A /* blackKing.png */,
				8F4A02711B9A3EE80084024A /* blackKnight.png */,
				8F4A02721B9A3EE80084024A /* blackPawn.png */,
				8F4A02801B9A3F0B0084024A /* blackRook.png */,
				8F4A02731B9A3EE80084024A /* blackQueen.png */,
				8F4A02741B9A3EE80084024A /* blackBishop.png */,
			);
			name = Pieces;
			sourceTree = "<group>";
		};
		8FA5C8841B9A264F0097637E = {
			isa = PBXGroup;
			children = (
				8FA5C88F1B9A264F0097637E /* Chess♔ */,
				8FA5C8A41B9A264F0097637E /* Chess♔Tests */,
				8FA5C8AF1B9A264F0097637E /* Chess♔UITests */,
				8FA5C88E1B9A264F0097637E /* Products */,
			);
			sourceTree = "<group>";
		};
		8FA5C88E1B9A264F0097637E /* Products */ = {
			isa = PBXGroup;
			children = (
				8FA5C88D1B9A264F0097637E /* Chess♔.app */,
				8FA5C8A11B9A264F0097637E /* Chess♔.xctest */,
				8FA5C8AC1B9A264F0097637E /* Chess♔.xctest */,
			);
			name = Products;
			sourceTree = "<group>";
		};
		8FA5C88F1B9A264F0097637E /* Chess♔ */ = {
			isa = PBXGroup;
			children = (
				8F4A02911B9A421D0084024A /* Frameworks */,
				8F4A02651B9A3E590084024A /* Assets */,
				8F4A02881B9A3F730084024A /* Swift */,
				8FA5C8941B9A264F0097637E /* Main.storyboard */,
				8FA5C8991B9A264F0097637E /* LaunchScreen.storyboard */,
				8FA5C89C1B9A264F0097637E /* Info.plist */,
			);
			path = "Chess♔";
			sourceTree = "<group>";
		};
		8FA5C8A41B9A264F0097637E /* Chess♔Tests */ = {
			isa = PBXGroup;
			children = (
				8FA5C8A51B9A264F0097637E /* Chess_Tests.swift */,
				8FA5C8A71B9A264F0097637E /* Info.plist */,
			);
			path = "Chess♔Tests";
			sourceTree = "<group>";
		};
		8FA5C8AF1B9A264F0097637E /* Chess♔UITests */ = {
			isa = PBXGroup;
			children = (
				8FA5C8B01B9A264F0097637E /* Chess_UITests.swift */,
				8FA5C8B21B9A264F0097637E /* Info.plist */,
			);
			path = "Chess♔UITests";
			sourceTree = "<group>";
		};
		F1431A5F1BD298E700C5854A /* LaunchImages */ = {
			isa = PBXGroup;
			children = (
				F1431A601BD298F400C5854A /* panBeriPhone.jpg */,
			);
			name = LaunchImages;
			sourceTree = "<group>";
		};
/* End PBXGroup section */

/* Begin PBXNativeTarget section */
		8FA5C88C1B9A264F0097637E /* Chess♔ */ = {
			isa = PBXNativeTarget;
			buildConfigurationList = 8FA5C8B51B9A264F0097637E /* Build configuration list for PBXNativeTarget "Chess♔" */;
			buildPhases = (
				8FA5C8891B9A264F0097637E /* Sources */,
				8FA5C88A1B9A264F0097637E /* Frameworks */,
				8FA5C88B1B9A264F0097637E /* Resources */,
			);
			buildRules = (
			);
			dependencies = (
			);
			name = "Chess♔";
			productName = "Chess♔";
			productReference = 8FA5C88D1B9A264F0097637E /* Chess♔.app */;
			productType = "com.apple.product-type.application";
		};
		8FA5C8A01B9A264F0097637E /* Chess♔Tests */ = {
			isa = PBXNativeTarget;
			buildConfigurationList = 8FA5C8B81B9A264F0097637E /* Build configuration list for PBXNativeTarget "Chess♔Tests" */;
			buildPhases = (
				8FA5C89D1B9A264F0097637E /* Sources */,
				8FA5C89E1B9A264F0097637E /* Frameworks */,
				8FA5C89F1B9A264F0097637E /* Resources */,
			);
			buildRules = (
			);
			dependencies = (
				8FA5C8A31B9A264F0097637E /* PBXTargetDependency */,
			);
			name = "Chess♔Tests";
			productName = "Chess♔Tests";
			productReference = 8FA5C8A11B9A264F0097637E /* Chess♔.xctest */;
			productType = "com.apple.product-type.bundle.unit-test";
		};
		8FA5C8AB1B9A264F0097637E /* Chess♔UITests */ = {
			isa = PBXNativeTarget;
			buildConfigurationList = 8FA5C8BB1B9A264F0097637E /* Build configuration list for PBXNativeTarget "Chess♔UITests" */;
			buildPhases = (
				8FA5C8A81B9A264F0097637E /* Sources */,
				8FA5C8A91B9A264F0097637E /* Frameworks */,
				8FA5C8AA1B9A264F0097637E /* Resources */,
			);
			buildRules = (
			);
			dependencies = (
				8FA5C8AE1B9A264F0097637E /* PBXTargetDependency */,
			);
			name = "Chess♔UITests";
			productName = "Chess♔UITests";
			productReference = 8FA5C8AC1B9A264F0097637E /* Chess♔.xctest */;
			productType = "com.apple.product-type.bundle.ui-testing";
		};
/* End PBXNativeTarget section */

/* Begin PBXProject section */
		8FA5C8851B9A264F0097637E /* Project object */ = {
			isa = PBXProject;
			attributes = {
				LastSwiftUpdateCheck = 0710;
				LastUpgradeCheck = 0700;
				ORGANIZATIONNAME = Panber;
				TargetAttributes = {
					8FA5C88C1B9A264F0097637E = {
						CreatedOnToolsVersion = 7.0;
						DevelopmentTeam = V47FUAKS5S;
						SystemCapabilities = {
							com.apple.BackgroundModes = {
								enabled = 0;
							};
							com.apple.Push = {
								enabled = 1;
							};
						};
					};
					8FA5C8A01B9A264F0097637E = {
						CreatedOnToolsVersion = 7.0;
						TestTargetID = 8FA5C88C1B9A264F0097637E;
					};
					8FA5C8AB1B9A264F0097637E = {
						CreatedOnToolsVersion = 7.0;
						TestTargetID = 8FA5C88C1B9A264F0097637E;
					};
				};
			};
			buildConfigurationList = 8FA5C8881B9A264F0097637E /* Build configuration list for PBXProject "Chess♔" */;
			compatibilityVersion = "Xcode 3.2";
			developmentRegion = English;
			hasScannedForEncodings = 0;
			knownRegions = (
				en,
				Base,
			);
			mainGroup = 8FA5C8841B9A264F0097637E;
			productRefGroup = 8FA5C88E1B9A264F0097637E /* Products */;
			projectDirPath = "";
			projectRoot = "";
			targets = (
				8FA5C88C1B9A264F0097637E /* Chess♔ */,
				8FA5C8A01B9A264F0097637E /* Chess♔Tests */,
				8FA5C8AB1B9A264F0097637E /* Chess♔UITests */,
			);
		};
/* End PBXProject section */

/* Begin PBXResourcesBuildPhase section */
		8FA5C88B1B9A264F0097637E /* Resources */ = {
			isa = PBXResourcesBuildPhase;
			buildActionMask = 2147483647;
			files = (
				8F31DCE11BC70E30004544CC /* checkmark13.png in Resources */,
				8F4A02771B9A3EE80084024A /* whiteKnight.png in Resources */,
				8F2DD6DF1B9AFFF80059CEFA /* ChessIconTab@3x.png in Resources */,
				8F31DCF31BC9513B004544CC /* equalization2.png in Resources */,
				8F14D19F1B9C918700A58CCF /* 6.jpg in Resources */,
				8F1E8EC41BD78F9600C41D37 /* nasaearth.jpg in Resources */,
				8F14D19C1B9C918700A58CCF /* 9.png in Resources */,
				8F14D1971B9C918700A58CCF /* 14.jpg in Resources */,
				8F1E8ED01BD7F74500C41D37 /* profilePicPlaceholderDark.jpg in Resources */,
				8F1E8ED41BD8362A00C41D37 /* PanBerLogoDark2.png in Resources */,
				8FA5C89B1B9A264F0097637E /* LaunchScreen.storyboard in Resources */,
				8F8BD2B71BC6C1C500B25CFE /* checkmark11.png in Resources */,
				8F8BD2A81BC41ED700B25CFE /* arrow_white.png in Resources */,
				8FA018DB1B9B2D8C002B410E /* DSCF0388.jpg in Resources */,
				8F14D1961B9C918700A58CCF /* 15.jpg in Resources */,
				8F31DCE51BC716F9004544CC /* add.png in Resources */,
				8F1E8ECE1BD7F66C00C41D37 /* profilePicPlaceholder.jpg in Resources */,
				8F4A027B1B9A3EE80084024A /* blackKing.png in Resources */,
				8FA5C8981B9A264F0097637E /* Assets.xcassets in Resources */,
				8F8BD2BB1BC6D83F00B25CFE /* close.png in Resources */,
				8F8639331B9B09F90055608B /* BlackBC.jpg in Resources */,
				8F2DD6E81B9AFFF80059CEFA /* settingsTabBarIcon@3x.png in Resources */,
				8F14D1981B9C918700A58CCF /* 13.jpg in Resources */,
				8F14D1A01B9C918700A58CCF /* 5.jpg in Resources */,
				8F4A02861B9A3F240084024A /* chessIcon1024.png in Resources */,
				8F4A027E1B9A3EE80084024A /* blackQueen.png in Resources */,
				8F14D1881B9C823500A58CCF /* 1.jpg in Resources */,
				8F4A027F1B9A3EE80084024A /* blackBishop.png in Resources */,
				8FA018D91B9B1FAE002B410E /* ChessIconAndTExt.png in Resources */,
				8F4A02791B9A3EE80084024A /* whiteQueen.png in Resources */,
				8F38EF6A1BB8399D00668B3B /* JBpp.jpg in Resources */,
				8F31DCE71BC7189B004544CC /* add1.png in Resources */,
				8F4A02691B9A3E890084024A /* PANBERlogo.png in Resources */,
				8F14D19D1B9C918700A58CCF /* 8.jpg in Resources */,
				8F970FBF1BB8950000ED758C /* ChessIconSmallTextAndLogoDarkMode.png in Resources */,
				8F2DD6E51B9AFFF80059CEFA /* pieceMarked.png in Resources */,
				8F87E8BC1BD6DBE600506F2F /* arrow483.png in Resources */,
				8F4A02811B9A3F0B0084024A /* blackRook.png in Resources */,
				8F4A02851B9A3F240084024A /* chessIcon.png in Resources */,
				8F14D19B1B9C918700A58CCF /* 10.jpg in Resources */,
				F1431A611BD298F400C5854A /* panBeriPhone.jpg in Resources */,
				8F4A02751B9A3EE80084024A /* whiteBishop.png in Resources */,
				8F14D19E1B9C918700A58CCF /* 7.jpg in Resources */,
				8FA018D31B9B0D76002B410E /* chessIconRounded.png in Resources */,
				8FA018D51B9B0E33002B410E /* Bauru.ttf in Resources */,
				8F14D1991B9C918700A58CCF /* 12.jpg in Resources */,
				8F056AF71BAF533C00CD617B /* LightModePreview.png in Resources */,
				8F1E8EC21BD78EE900C41D37 /* mountain.jpg in Resources */,
				8F4A02761B9A3EE80084024A /* whiteKing.png in Resources */,
				8F2DD6E91B9AFFF80059CEFA /* whiteSquare.png in Resources */,
				8F2DD6E01B9AFFF80059CEFA /* clack and white board with half boarder copy.png in Resources */,
				8F14D19A1B9C918700A58CCF /* 11.jpg in Resources */,
				8F2DD6E21B9AFFF80059CEFA /* Friends@3x.png in Resources */,
				8F910C301BD6C58F0003647E /* 20.jpg in Resources */,
				8F056AF81BAF533C00CD617B /* DarkModePreview.png in Resources */,
				8F2DD6E11B9AFFF80059CEFA /* Data@3x.png in Resources */,
				8F8BD2B61BC6C1C500B25CFE /* close38.png in Resources */,
				8F2DD6E61B9AFFF80059CEFA /* piecePossibilities.png in Resources */,
				8F8BD2A91BC41ED700B25CFE /* arrow_black.png in Resources */,
				8F2DD6E41B9AFFF80059CEFA /* moveOption.png in Resources */,
				8F4A027C1B9A3EE80084024A /* blackKnight.png in Resources */,
				8F970FBD1BB88EFD00ED758C /* ChessIconSmallTextAndLogo.png in Resources */,
				8F14D1871B9C823500A58CCF /* 2.JPG in Resources */,
				8F14D1861B9C823500A58CCF /* 3.jpg in Resources */,
				8F8BD2BD1BC6E22B00B25CFE /* close1.png in Resources */,
				8F2DD6E31B9AFFF80059CEFA /* graySquare.png in Resources */,
				8F31DCED1BC7C8B5004544CC /* pending.png in Resources */,
				8F4A02871B9A3F240084024A /* chessIcon180.png in Resources */,
				8F4A027D1B9A3EE80084024A /* blackPawn.png in Resources */,
				8F14D1891B9C823500A58CCF /* 4.jpg in Resources */,
				8F1BB5591BA22BAF0043E2B7 /* profileTabBarIcon@3x.png in Resources */,
				8FA5C8961B9A264F0097637E /* Main.storyboard in Resources */,
				8F4A027A1B9A3EE80084024A /* whiteRook.png in Resources */,
				8F8BD2B51BC6C1C500B25CFE /* checkmark12.png in Resources */,
				8F1E8ED21BD833F100C41D37 /* PanBerLogoDark_4000.png in Resources */,
				8F2DD6E71B9AFFF80059CEFA /* pieces vlack and white board blurred.png in Resources */,
				8F2DD6DE1B9AFFF80059CEFA /* board black and white no border.png in Resources */,
				8F4A02781B9A3EE80084024A /* whitePawn.png in Resources */,
			);
			runOnlyForDeploymentPostprocessing = 0;
		};
		8FA5C89F1B9A264F0097637E /* Resources */ = {
			isa = PBXResourcesBuildPhase;
			buildActionMask = 2147483647;
			files = (
			);
			runOnlyForDeploymentPostprocessing = 0;
		};
		8FA5C8AA1B9A264F0097637E /* Resources */ = {
			isa = PBXResourcesBuildPhase;
			buildActionMask = 2147483647;
			files = (
			);
			runOnlyForDeploymentPostprocessing = 0;
		};
/* End PBXResourcesBuildPhase section */

/* Begin PBXSourcesBuildPhase section */
		8FA5C8891B9A264F0097637E /* Sources */ = {
			isa = PBXSourcesBuildPhase;
			buildActionMask = 2147483647;
			files = (
				8F4A028C1B9A414D0084024A /* GameMenu.swift in Sources */,
				8FBD3A371BB498A200212314 /* GameInterFace2.swift in Sources */,
				8F5250C01BD01A67005D4682 /* LeaderBoard.swift in Sources */,
				8F4A028A1B9A40FF0084024A /* GameInterface.swift in Sources */,
				8F768D9B1BD6AC4F007A7BFC /* SignUpMenu.swift in Sources */,
				8F9A9A2B1BDAE08600EA5953 /* OtherUserProfilePageFromFriendRequest.swift in Sources */,
				F1BFB27D1BDBD79100660020 /* Pieces.swift in Sources */,
				8F9A9A2D1BDAE0EE00EA5953 /* OtherUserProfilePageFromFriends.swift in Sources */,
				8F8639291B9B01BF0055608B /* AnalyzeMenu.swift in Sources */,
				F14E644E1BC98B7900751F20 /* FriendsPage.swift in Sources */,
				8F8BD2AD1BC5380100B25CFE /* FriendRequestsPage.swift in Sources */,
				8F86392B1B9B01D00055608B /* ProfileMenu.swift in Sources */,
				8F4CF77D1BDBABB10037865C /* NewGamePage.swift in Sources */,
				8FBED2FC1BB1F35700CDAACC /* UserTableViewCell.swift in Sources */,
				8F1AFCF91BAE05A7009D7299 /* FirstLaunchScreen.swift in Sources */,
				8F86392F1B9B044F0055608B /* FriendsMenu.swift in Sources */,
				8F8BD2A51BC28E1100B25CFE /* OtherUserProfilePage.swift in Sources */,
				8F86392D1B9B02780055608B /* ChatView.swift in Sources */,
				8FA5C8931B9A264F0097637E /* LoginMenu.swift in Sources */,
				F1BFB27C1BDBD79100660020 /* Board.swift in Sources */,
				8FA5C8911B9A264F0097637E /* AppDelegate.swift in Sources */,
				F1431A5E1BD281B600C5854A /* UsersFriendsPage.swift in Sources */,
				8F8BD2AB1BC524C600B25CFE /* ProfilePage.swift in Sources */,
				F134DDDE1BC1C417005BA54C /* UsersProfilePage.swift in Sources */,
				8F9A9A2F1BDAE11800EA5953 /* OtherUserProfilePageFromUsersFriends.swift in Sources */,
				F1B414601BC72E5D00FEE6A4 /* SettingsPage.swift in Sources */,
				8F840BCC1BBDAE6600511F44 /* FriendRequests.swift in Sources */,
			);
			runOnlyForDeploymentPostprocessing = 0;
		};
		8FA5C89D1B9A264F0097637E /* Sources */ = {
			isa = PBXSourcesBuildPhase;
			buildActionMask = 2147483647;
			files = (
				8FA5C8A61B9A264F0097637E /* Chess_Tests.swift in Sources */,
			);
			runOnlyForDeploymentPostprocessing = 0;
		};
		8FA5C8A81B9A264F0097637E /* Sources */ = {
			isa = PBXSourcesBuildPhase;
			buildActionMask = 2147483647;
			files = (
				8FA5C8B11B9A264F0097637E /* Chess_UITests.swift in Sources */,
			);
			runOnlyForDeploymentPostprocessing = 0;
		};
/* End PBXSourcesBuildPhase section */

/* Begin PBXTargetDependency section */
		8FA5C8A31B9A264F0097637E /* PBXTargetDependency */ = {
			isa = PBXTargetDependency;
			target = 8FA5C88C1B9A264F0097637E /* Chess♔ */;
			targetProxy = 8FA5C8A21B9A264F0097637E /* PBXContainerItemProxy */;
		};
		8FA5C8AE1B9A264F0097637E /* PBXTargetDependency */ = {
			isa = PBXTargetDependency;
			target = 8FA5C88C1B9A264F0097637E /* Chess♔ */;
			targetProxy = 8FA5C8AD1B9A264F0097637E /* PBXContainerItemProxy */;
		};
/* End PBXTargetDependency section */

/* Begin PBXVariantGroup section */
		8FA5C8941B9A264F0097637E /* Main.storyboard */ = {
			isa = PBXVariantGroup;
			children = (
				8FA5C8951B9A264F0097637E /* Base */,
			);
			name = Main.storyboard;
			sourceTree = "<group>";
		};
		8FA5C8991B9A264F0097637E /* LaunchScreen.storyboard */ = {
			isa = PBXVariantGroup;
			children = (
				8FA5C89A1B9A264F0097637E /* Base */,
			);
			name = LaunchScreen.storyboard;
			sourceTree = "<group>";
		};
/* End PBXVariantGroup section */

/* Begin XCBuildConfiguration section */
		8FA5C8B31B9A264F0097637E /* Debug */ = {
			isa = XCBuildConfiguration;
			buildSettings = {
				ALWAYS_SEARCH_USER_PATHS = NO;
				CLANG_CXX_LANGUAGE_STANDARD = "gnu++0x";
				CLANG_CXX_LIBRARY = "libc++";
				CLANG_ENABLE_MODULES = YES;
				CLANG_ENABLE_OBJC_ARC = YES;
				CLANG_WARN_BOOL_CONVERSION = YES;
				CLANG_WARN_CONSTANT_CONVERSION = YES;
				CLANG_WARN_DIRECT_OBJC_ISA_USAGE = YES_ERROR;
				CLANG_WARN_EMPTY_BODY = YES;
				CLANG_WARN_ENUM_CONVERSION = YES;
				CLANG_WARN_INT_CONVERSION = YES;
				CLANG_WARN_OBJC_ROOT_CLASS = YES_ERROR;
				CLANG_WARN_UNREACHABLE_CODE = YES;
				CLANG_WARN__DUPLICATE_METHOD_MATCH = YES;
				"CODE_SIGN_IDENTITY[sdk=iphoneos*]" = "iPhone Developer";
				COPY_PHASE_STRIP = NO;
				DEBUG_INFORMATION_FORMAT = dwarf;
				ENABLE_STRICT_OBJC_MSGSEND = YES;
				ENABLE_TESTABILITY = YES;
				GCC_C_LANGUAGE_STANDARD = gnu99;
				GCC_DYNAMIC_NO_PIC = NO;
				GCC_NO_COMMON_BLOCKS = YES;
				GCC_OPTIMIZATION_LEVEL = 0;
				GCC_PREPROCESSOR_DEFINITIONS = (
					"DEBUG=1",
					"$(inherited)",
				);
				GCC_WARN_64_TO_32_BIT_CONVERSION = YES;
				GCC_WARN_ABOUT_RETURN_TYPE = YES_ERROR;
				GCC_WARN_UNDECLARED_SELECTOR = YES;
				GCC_WARN_UNINITIALIZED_AUTOS = YES_AGGRESSIVE;
				GCC_WARN_UNUSED_FUNCTION = YES;
				GCC_WARN_UNUSED_VARIABLE = YES;
				IPHONEOS_DEPLOYMENT_TARGET = 9.0;
				MTL_ENABLE_DEBUG_INFO = YES;
				ONLY_ACTIVE_ARCH = YES;
				SDKROOT = iphoneos;
				SWIFT_OPTIMIZATION_LEVEL = "-Onone";
				TARGETED_DEVICE_FAMILY = "1,2";
			};
			name = Debug;
		};
		8FA5C8B41B9A264F0097637E /* Release */ = {
			isa = XCBuildConfiguration;
			buildSettings = {
				ALWAYS_SEARCH_USER_PATHS = NO;
				CLANG_CXX_LANGUAGE_STANDARD = "gnu++0x";
				CLANG_CXX_LIBRARY = "libc++";
				CLANG_ENABLE_MODULES = YES;
				CLANG_ENABLE_OBJC_ARC = YES;
				CLANG_WARN_BOOL_CONVERSION = YES;
				CLANG_WARN_CONSTANT_CONVERSION = YES;
				CLANG_WARN_DIRECT_OBJC_ISA_USAGE = YES_ERROR;
				CLANG_WARN_EMPTY_BODY = YES;
				CLANG_WARN_ENUM_CONVERSION = YES;
				CLANG_WARN_INT_CONVERSION = YES;
				CLANG_WARN_OBJC_ROOT_CLASS = YES_ERROR;
				CLANG_WARN_UNREACHABLE_CODE = YES;
				CLANG_WARN__DUPLICATE_METHOD_MATCH = YES;
				"CODE_SIGN_IDENTITY[sdk=iphoneos*]" = "iPhone Developer";
				COPY_PHASE_STRIP = NO;
				DEBUG_INFORMATION_FORMAT = "dwarf-with-dsym";
				ENABLE_NS_ASSERTIONS = NO;
				ENABLE_STRICT_OBJC_MSGSEND = YES;
				GCC_C_LANGUAGE_STANDARD = gnu99;
				GCC_NO_COMMON_BLOCKS = YES;
				GCC_WARN_64_TO_32_BIT_CONVERSION = YES;
				GCC_WARN_ABOUT_RETURN_TYPE = YES_ERROR;
				GCC_WARN_UNDECLARED_SELECTOR = YES;
				GCC_WARN_UNINITIALIZED_AUTOS = YES_AGGRESSIVE;
				GCC_WARN_UNUSED_FUNCTION = YES;
				GCC_WARN_UNUSED_VARIABLE = YES;
				IPHONEOS_DEPLOYMENT_TARGET = 9.0;
				MTL_ENABLE_DEBUG_INFO = NO;
				SDKROOT = iphoneos;
				TARGETED_DEVICE_FAMILY = "1,2";
				VALIDATE_PRODUCT = YES;
			};
			name = Release;
		};
		8FA5C8B61B9A264F0097637E /* Debug */ = {
			isa = XCBuildConfiguration;
			buildSettings = {
				ASSETCATALOG_COMPILER_APPICON_NAME = AppIcon;
				CODE_SIGN_IDENTITY = "iPhone Developer";
				"CODE_SIGN_IDENTITY[sdk=iphoneos*]" = "iPhone Developer";
				ENABLE_BITCODE = NO;
				FRAMEWORK_SEARCH_PATHS = (
					"$(inherited)",
					"$(PROJECT_DIR)/Chess♔",
				);
				INFOPLIST_FILE = "Chess♔/Info.plist";
				IPHONEOS_DEPLOYMENT_TARGET = 9.0;
				LD_RUNPATH_SEARCH_PATHS = "$(inherited) @executable_path/Frameworks";
				OTHER_LDFLAGS = "";
				PRODUCT_BUNDLE_IDENTIFIER = com.Panber.chess;
				PRODUCT_NAME = "Chess♔";
				PROVISIONING_PROFILE = "";
				SDKROOT = iphoneos;
				SWIFT_OBJC_BRIDGING_HEADER = "Chess♔/Chess♔-Bridging-Header.h";
			};
			name = Debug;
		};
		8FA5C8B71B9A264F0097637E /* Release */ = {
			isa = XCBuildConfiguration;
			buildSettings = {
				ASSETCATALOG_COMPILER_APPICON_NAME = AppIcon;
				CODE_SIGN_IDENTITY = "iPhone Developer";
				"CODE_SIGN_IDENTITY[sdk=iphoneos*]" = "iPhone Developer";
				ENABLE_BITCODE = NO;
				FRAMEWORK_SEARCH_PATHS = (
					"$(inherited)",
					"$(PROJECT_DIR)/Chess♔",
				);
				INFOPLIST_FILE = "Chess♔/Info.plist";
				IPHONEOS_DEPLOYMENT_TARGET = 9.0;
				LD_RUNPATH_SEARCH_PATHS = "$(inherited) @executable_path/Frameworks";
				OTHER_LDFLAGS = "";
				PRODUCT_BUNDLE_IDENTIFIER = com.Panber.chess;
				PRODUCT_NAME = "Chess♔";
				PROVISIONING_PROFILE = "";
				SDKROOT = iphoneos;
				SWIFT_OBJC_BRIDGING_HEADER = "Chess♔/Chess♔-Bridging-Header.h";
			};
			name = Release;
		};
		8FA5C8B91B9A264F0097637E /* Debug */ = {
			isa = XCBuildConfiguration;
			buildSettings = {
				BUNDLE_LOADER = "$(TEST_HOST)";
				INFOPLIST_FILE = "Chess♔Tests/Info.plist";
				LD_RUNPATH_SEARCH_PATHS = "$(inherited) @executable_path/Frameworks @loader_path/Frameworks";
				PRODUCT_BUNDLE_IDENTIFIER = "com.Panber.Chess-Tests";
				PRODUCT_NAME = "Chess♔";
				TEST_HOST = "$(BUILT_PRODUCTS_DIR)/Chess♔.app/Chess♔";
			};
			name = Debug;
		};
		8FA5C8BA1B9A264F0097637E /* Release */ = {
			isa = XCBuildConfiguration;
			buildSettings = {
				BUNDLE_LOADER = "$(TEST_HOST)";
				INFOPLIST_FILE = "Chess♔Tests/Info.plist";
				LD_RUNPATH_SEARCH_PATHS = "$(inherited) @executable_path/Frameworks @loader_path/Frameworks";
				PRODUCT_BUNDLE_IDENTIFIER = "com.Panber.Chess-Tests";
				PRODUCT_NAME = "Chess♔";
				TEST_HOST = "$(BUILT_PRODUCTS_DIR)/Chess♔.app/Chess♔";
			};
			name = Release;
		};
		8FA5C8BC1B9A264F0097637E /* Debug */ = {
			isa = XCBuildConfiguration;
			buildSettings = {
				INFOPLIST_FILE = "Chess♔UITests/Info.plist";
				LD_RUNPATH_SEARCH_PATHS = "$(inherited) @executable_path/Frameworks @loader_path/Frameworks";
				PRODUCT_BUNDLE_IDENTIFIER = "com.Panber.Chess-UITests";
				PRODUCT_NAME = "Chess♔";
				TEST_TARGET_NAME = "Chess♔";
				USES_XCTRUNNER = YES;
			};
			name = Debug;
		};
		8FA5C8BD1B9A264F0097637E /* Release */ = {
			isa = XCBuildConfiguration;
			buildSettings = {
				INFOPLIST_FILE = "Chess♔UITests/Info.plist";
				LD_RUNPATH_SEARCH_PATHS = "$(inherited) @executable_path/Frameworks @loader_path/Frameworks";
				PRODUCT_BUNDLE_IDENTIFIER = "com.Panber.Chess-UITests";
				PRODUCT_NAME = "Chess♔";
				TEST_TARGET_NAME = "Chess♔";
				USES_XCTRUNNER = YES;
			};
			name = Release;
		};
/* End XCBuildConfiguration section */

/* Begin XCConfigurationList section */
		8FA5C8881B9A264F0097637E /* Build configuration list for PBXProject "Chess♔" */ = {
			isa = XCConfigurationList;
			buildConfigurations = (
				8FA5C8B31B9A264F0097637E /* Debug */,
				8FA5C8B41B9A264F0097637E /* Release */,
			);
			defaultConfigurationIsVisible = 0;
			defaultConfigurationName = Release;
		};
		8FA5C8B51B9A264F0097637E /* Build configuration list for PBXNativeTarget "Chess♔" */ = {
			isa = XCConfigurationList;
			buildConfigurations = (
				8FA5C8B61B9A264F0097637E /* Debug */,
				8FA5C8B71B9A264F0097637E /* Release */,
			);
			defaultConfigurationIsVisible = 0;
			defaultConfigurationName = Release;
		};
		8FA5C8B81B9A264F0097637E /* Build configuration list for PBXNativeTarget "Chess♔Tests" */ = {
			isa = XCConfigurationList;
			buildConfigurations = (
				8FA5C8B91B9A264F0097637E /* Debug */,
				8FA5C8BA1B9A264F0097637E /* Release */,
			);
			defaultConfigurationIsVisible = 0;
			defaultConfigurationName = Release;
		};
		8FA5C8BB1B9A264F0097637E /* Build configuration list for PBXNativeTarget "Chess♔UITests" */ = {
			isa = XCConfigurationList;
			buildConfigurations = (
				8FA5C8BC1B9A264F0097637E /* Debug */,
				8FA5C8BD1B9A264F0097637E /* Release */,
			);
			defaultConfigurationIsVisible = 0;
			defaultConfigurationName = Release;
		};
/* End XCConfigurationList section */
	};
	rootObject = 8FA5C8851B9A264F0097637E /* Project object */;
}
